PODS:
  - ActiveSupportInflector (0.0.1)
  - AFNetworking (1.3.1)
  - ASIHTTPRequest (1.8.1):
    - ASIHTTPRequest/ASIWebPageRequest
    - ASIHTTPRequest/CloudFiles
    - ASIHTTPRequest/S3
    - Reachability
  - ASIHTTPRequest/ASIWebPageRequest (1.8.1):
    - Reachability
  - ASIHTTPRequest/CloudFiles (1.8.1):
    - Reachability
  - ASIHTTPRequest/S3 (1.8.1):
    - Reachability
  - Evernote-SDK-iOS (1.2.0):
    - SSKeychain (= 0.2.1)
  - Facebook-iOS-SDK (3.5.2)
  - JSONKit (1.5pre)
  - objectiveflickr (2.0.2)
  - Reachability (3.1.0)
  - RestKit (0.20.2):
    - RestKit/Core
  - RestKit/Core (0.20.2):
    - RestKit/CoreData
    - RestKit/Network
    - RestKit/ObjectMapping
  - RestKit/CoreData (0.20.2)
  - RestKit/Network (0.20.2):
    - AFNetworking (~> 1.3.0)
    - RestKit/ObjectMapping
    - RestKit/Support
    - SOCKit
  - RestKit/ObjectMapping (0.20.2)
  - RestKit/Support (0.20.2):
    - TransitionKit (= 1.1.1)
  - SBJson (3.2)
  - SDWebImage (3.2):
    - SDWebImage/Core
  - SDWebImage/Core (3.2)
  - ShareKit (2.3):
    - ShareKit/Core
    - ShareKit/Evernote
    - ShareKit/Facebook
    - ShareKit/Flickr
    - ShareKit/Foursquare
    - ShareKit/GoogleReader
    - ShareKit/Instapaper
    - ShareKit/LinkedIn
    - ShareKit/Pinboard
    - ShareKit/ReadItLater
    - ShareKit/Tumblr
    - ShareKit/Twitter
    - ShareKit/Vkontakte
  - ShareKit/Core (2.3):
    - SSKeychain (= 0.2.1)
  - ShareKit/Evernote (2.3):
    - Evernote-SDK-iOS (~> 1.2)
    - ShareKit/Core
  - ShareKit/Facebook (2.3):
    - Facebook-iOS-SDK (~> 3.5)
    - ShareKit/Core
  - ShareKit/Flickr (2.3):
    - objectiveflickr (~> 2.0)
    - ShareKit/Core
  - ShareKit/Foursquare (2.3):
    - SBJson (~> 3.2)
    - ShareKit/Core
  - ShareKit/GoogleReader (2.3):
    - ShareKit/Core
  - ShareKit/Instapaper (2.3):
    - ShareKit/Core
  - ShareKit/LinkedIn (2.3):
    - ShareKit/Core
  - ShareKit/Pinboard (2.3):
    - ShareKit/Core
  - ShareKit/ReadItLater (2.3):
    - ShareKit/Core
  - ShareKit/Tumblr (2.3):
    - ShareKit/Core
  - ShareKit/Twitter (2.3):
    - JSONKit (~> 1.4)
    - ShareKit/Core
  - ShareKit/Vkontakte (2.3):
    - JSONKit (~> 1.4)
    - ShareKit/Core
  - SOCKit (1.1)
  - SSKeychain (0.2.1)
  - SSPullToRefresh (1.1.2)
  - SSToolkit (1.0.4)
  - Survey (0.1.0)
  - SVProgressHUD (0.9)
  - TransitionKit (1.1.1)

DEPENDENCIES:
  - ActiveSupportInflector
  - AFNetworking
  - ASIHTTPRequest
  - RestKit
  - SDWebImage
  - ShareKit
  - SSPullToRefresh
  - SSToolkit
  - Survey
  - SVProgressHUD

SPEC CHECKSUMS:
  ActiveSupportInflector: 1e181a454b23490c1b575c69caccf6e0b4a6db82
  AFNetworking: 9ec8aafb9269236a7630bd8d9838ce2ba30fa2a0
  ASIHTTPRequest: a411b8d0f006ed8fc24248be6a0c4ad2abc9b101
  Evernote-SDK-iOS: 5648d876c3deb4874b43854495426bb7e6288780
  Facebook-iOS-SDK: 0690c15914d4e412f5f0ef0f8cce34fd0d39f7ce
  JSONKit: 409734ab3407fce90ef7eaa95d7168f38d9a6601
  objectiveflickr: 17f5f1fd4b9b9d6761a9545493c79221f65604c3
  Reachability: ba94ecd4eaa037be3d0588b38956672588530c5b
  RestKit: e511651e916245fa4becfb0e8f966a1fa021fcd4
  SBJson: e60b4dc22448c2ae1e754b523a4ab53408e85c8d
  SDWebImage: f742ac91b65bd34b6d452325115e2ded3a73380e
  ShareKit: 4395f5b5529ba9d824968180519677f422eeb730
  SOCKit: ed67aeeca4a697b63a933229e53f4670d5b9300f
  SSKeychain: ffa1a79eb716d9ed1ca184fb0cf218087ca28486
  SSPullToRefresh: 8d8360b0ff0dc7b344656b48ddf9732c47e78806
  SSToolkit: 689acaedac79c2079e492e528a55bcb5db9d98c4
  Survey: 5fb1fd114aa9414c1776df6bbe46d144976df197
  SVProgressHUD: 03d4845ec8e64591726428a08236c6a5489d45f8
  TransitionKit: 3b3836af6887d16a0834fa35031028792d1d5c0c

COCOAPODS: 0.20.2
