// !$*UTF8*$!
{
	archiveVersion = 1;
	classes = {
	};
	objectVersion = 46;
	objects = {

/* Begin PBXBuildFile section */
		AA35D4FCCCC14C238DC681DD /* libPods.a in Frameworks */ = {isa = PBXBuildFile; fileRef = 21B0BD3DDE284E7F9F70D5B6 /* libPods.a */; };
		BF89DCD4179FF59700DB6056 /* Node.m in Sources */ = {isa = PBXBuildFile; fileRef = BF89DCD3179FF59700DB6056 /* Node.m */; };
		BF89DCDA17A006FC00DB6056 /* UserController.m in Sources */ = {isa = PBXBuildFile; fileRef = BF89DCD917A006FC00DB6056 /* UserController.m */; };
		BF89DCF317A0088C00DB6056 /* avatar@2x.png in Resources */ = {isa = PBXBuildFile; fileRef = BF89DCDC17A0088C00DB6056 /* avatar@2x.png */; };
		BF89DCF417A0088C00DB6056 /* back@2x.png in Resources */ = {isa = PBXBuildFile; fileRef = BF89DCDD17A0088C00DB6056 /* back@2x.png */; };
		BF89DCF517A0088C00DB6056 /* background@2x.png in Resources */ = {isa = PBXBuildFile; fileRef = BF89DCDE17A0088C00DB6056 /* background@2x.png */; };
		BF89DCF617A0088C00DB6056 /* button@2x.png in Resources */ = {isa = PBXBuildFile; fileRef = BF89DCDF17A0088C00DB6056 /* button@2x.png */; };
		BF89DCF717A0088C00DB6056 /* deep.png in Resources */ = {isa = PBXBuildFile; fileRef = BF89DCE017A0088C00DB6056 /* deep.png */; };
		BF89DCF817A0088C00DB6056 /* logo@2x.png in Resources */ = {isa = PBXBuildFile; fileRef = BF89DCE117A0088C00DB6056 /* logo@2x.png */; };
		BF89DCF917A0088C00DB6056 /* MessageEntryBackground@2x.png in Resources */ = {isa = PBXBuildFile; fileRef = BF89DCE217A0088C00DB6056 /* MessageEntryBackground@2x.png */; };
		BF89DCFA17A0088C00DB6056 /* MessageEntryInputField@2x.png in Resources */ = {isa = PBXBuildFile; fileRef = BF89DCE317A0088C00DB6056 /* MessageEntryInputField@2x.png */; };
		BF89DCFB17A0088C00DB6056 /* MessageEntrySendButton@2x.png in Resources */ = {isa = PBXBuildFile; fileRef = BF89DCE417A0088C00DB6056 /* MessageEntrySendButton@2x.png */; };
		BF89DCFC17A0088C00DB6056 /* MessageEntrySendButtonPressed@2x.png in Resources */ = {isa = PBXBuildFile; fileRef = BF89DCE517A0088C00DB6056 /* MessageEntrySendButtonPressed@2x.png */; };
		BF89DCFD17A0088C00DB6056 /* navbar@2x.png in Resources */ = {isa = PBXBuildFile; fileRef = BF89DCE617A0088C00DB6056 /* navbar@2x.png */; };
		BF89DCFE17A0088C00DB6056 /* navbutton@2x.png in Resources */ = {isa = PBXBuildFile; fileRef = BF89DCE717A0088C00DB6056 /* navbutton@2x.png */; };
		BF89DCFF17A0088C00DB6056 /* new_message@2x.png in Resources */ = {isa = PBXBuildFile; fileRef = BF89DCE817A0088C00DB6056 /* new_message@2x.png */; };
		BF89DD0017A0088C00DB6056 /* ruby-china-logo-2-small.png in Resources */ = {isa = PBXBuildFile; fileRef = BF89DCE917A0088C00DB6056 /* ruby-china-logo-2-small.png */; };
		BF89DD0117A0088C00DB6056 /* ruby-china-logo-2.png in Resources */ = {isa = PBXBuildFile; fileRef = BF89DCEA17A0088C00DB6056 /* ruby-china-logo-2.png */; };
		BF89DD0217A0088C00DB6056 /* ruby-logo@2x.png in Resources */ = {isa = PBXBuildFile; fileRef = BF89DCEB17A0088C00DB6056 /* ruby-logo@2x.png */; };
		BF89DD0317A0088C00DB6056 /* shadow@2x.png in Resources */ = {isa = PBXBuildFile; fileRef = BF89DCEC17A0088C00DB6056 /* shadow@2x.png */; };
		BF89DD0417A0088C00DB6056 /* tab1.png in Resources */ = {isa = PBXBuildFile; fileRef = BF89DCED17A0088C00DB6056 /* tab1.png */; };
		BF89DD0517A0088C00DB6056 /* tab1@2x.png in Resources */ = {isa = PBXBuildFile; fileRef = BF89DCEE17A0088C00DB6056 /* tab1@2x.png */; };
		BF89DD0617A0088C00DB6056 /* tab2.png in Resources */ = {isa = PBXBuildFile; fileRef = BF89DCEF17A0088C00DB6056 /* tab2.png */; };
		BF89DD0717A0088C00DB6056 /* tab3@2x.png in Resources */ = {isa = PBXBuildFile; fileRef = BF89DCF017A0088C00DB6056 /* tab3@2x.png */; };
		BF89DD0817A0088C00DB6056 /* tab4.png in Resources */ = {isa = PBXBuildFile; fileRef = BF89DCF117A0088C00DB6056 /* tab4.png */; };
		BF89DD0917A0088C00DB6056 /* timeago@2x.png in Resources */ = {isa = PBXBuildFile; fileRef = BF89DCF217A0088C00DB6056 /* timeago@2x.png */; };
		BF89DF9017A1752100DB6056 /* LoginController.m in Sources */ = {isa = PBXBuildFile; fileRef = BF89DF8F17A1752100DB6056 /* LoginController.m */; };
		BF89E00017A1FB2B00DB6056 /* RemoteEngine.m in Sources */ = {isa = PBXBuildFile; fileRef = BF89DFFF17A1FB2B00DB6056 /* RemoteEngine.m */; };
		BF89E07217A24B6C00DB6056 /* Preference.m in Sources */ = {isa = PBXBuildFile; fileRef = BF89E07117A24B6C00DB6056 /* Preference.m */; };
		BF97E5541773D0AF009F859E /* UIKit.framework in Frameworks */ = {isa = PBXBuildFile; fileRef = BF97E5531773D0AF009F859E /* UIKit.framework */; };
		BF97E5561773D0AF009F859E /* Foundation.framework in Frameworks */ = {isa = PBXBuildFile; fileRef = BF97E5551773D0AF009F859E /* Foundation.framework */; };
		BF97E5581773D0AF009F859E /* CoreGraphics.framework in Frameworks */ = {isa = PBXBuildFile; fileRef = BF97E5571773D0AF009F859E /* CoreGraphics.framework */; };
		BF97E55E1773D0AF009F859E /* InfoPlist.strings in Resources */ = {isa = PBXBuildFile; fileRef = BF97E55C1773D0AF009F859E /* InfoPlist.strings */; };
		BF97E5601773D0AF009F859E /* main.m in Sources */ = {isa = PBXBuildFile; fileRef = BF97E55F1773D0AF009F859E /* main.m */; };
		BF97E5641773D0AF009F859E /* AppDelegate.m in Sources */ = {isa = PBXBuildFile; fileRef = BF97E5631773D0AF009F859E /* AppDelegate.m */; };
		BF97E5661773D0AF009F859E /* Default.png in Resources */ = {isa = PBXBuildFile; fileRef = BF97E5651773D0AF009F859E /* Default.png */; };
		BF97E5681773D0AF009F859E /* Default@2x.png in Resources */ = {isa = PBXBuildFile; fileRef = BF97E5671773D0AF009F859E /* Default@2x.png */; };
		BF97E56A1773D0AF009F859E /* Default-568h@2x.png in Resources */ = {isa = PBXBuildFile; fileRef = BF97E5691773D0AF009F859E /* Default-568h@2x.png */; };
		BF97E56D1773D0AF009F859E /* MainStoryboard.storyboard in Resources */ = {isa = PBXBuildFile; fileRef = BF97E56B1773D0AF009F859E /* MainStoryboard.storyboard */; };
		BF97E5701773D0AF009F859E /* ViewController.m in Sources */ = {isa = PBXBuildFile; fileRef = BF97E56F1773D0AF009F859E /* ViewController.m */; };
		BFB54A25179F55D700643E38 /* Reply.m in Sources */ = {isa = PBXBuildFile; fileRef = BFB54A24179F55D600643E38 /* Reply.m */; };
		BFBB6FD117749BAF009EBE4A /* TopicsViewController.m in Sources */ = {isa = PBXBuildFile; fileRef = BFBB6FD017749BAF009EBE4A /* TopicsViewController.m */; };
		BFEA20F1179D731C00F0E369 /* User.m in Sources */ = {isa = PBXBuildFile; fileRef = BFEA20F0179D731C00F0E369 /* User.m */; };
		BFEA20F4179DFF4E00F0E369 /* Topic.m in Sources */ = {isa = PBXBuildFile; fileRef = BFEA20F3179DFF4E00F0E369 /* Topic.m */; };
/* End PBXBuildFile section */

/* Begin PBXFileReference section */
		21B0BD3DDE284E7F9F70D5B6 /* libPods.a */ = {isa = PBXFileReference; explicitFileType = archive.ar; includeInIndex = 0; path = libPods.a; sourceTree = BUILT_PRODUCTS_DIR; };
		5F9A103C4D4849668EFD60DD /* Pods.xcconfig */ = {isa = PBXFileReference; includeInIndex = 1; lastKnownFileType = text.xcconfig; name = Pods.xcconfig; path = Pods/Pods.xcconfig; sourceTree = SOURCE_ROOT; };
		BF89DCD2179FF59700DB6056 /* Node.h */ = {isa = PBXFileReference; fileEncoding = 4; lastKnownFileType = sourcecode.c.h; path = Node.h; sourceTree = "<group>"; };
		BF89DCD3179FF59700DB6056 /* Node.m */ = {isa = PBXFileReference; fileEncoding = 4; lastKnownFileType = sourcecode.c.objc; path = Node.m; sourceTree = "<group>"; };
		BF89DCD817A006FC00DB6056 /* UserController.h */ = {isa = PBXFileReference; fileEncoding = 4; lastKnownFileType = sourcecode.c.h; path = UserController.h; sourceTree = "<group>"; };
		BF89DCD917A006FC00DB6056 /* UserController.m */ = {isa = PBXFileReference; fileEncoding = 4; lastKnownFileType = sourcecode.c.objc; path = UserController.m; sourceTree = "<group>"; };
		BF89DCDC17A0088C00DB6056 /* avatar@2x.png */ = {isa = PBXFileReference; lastKnownFileType = image.png; path = "avatar@2x.png"; sourceTree = "<group>"; };
		BF89DCDD17A0088C00DB6056 /* back@2x.png */ = {isa = PBXFileReference; lastKnownFileType = image.png; path = "back@2x.png"; sourceTree = "<group>"; };
		BF89DCDE17A0088C00DB6056 /* background@2x.png */ = {isa = PBXFileReference; lastKnownFileType = image.png; path = "background@2x.png"; sourceTree = "<group>"; };
		BF89DCDF17A0088C00DB6056 /* button@2x.png */ = {isa = PBXFileReference; lastKnownFileType = image.png; path = "button@2x.png"; sourceTree = "<group>"; };
		BF89DCE017A0088C00DB6056 /* deep.png */ = {isa = PBXFileReference; lastKnownFileType = image.png; path = deep.png; sourceTree = "<group>"; };
		BF89DCE117A0088C00DB6056 /* logo@2x.png */ = {isa = PBXFileReference; lastKnownFileType = image.png; path = "logo@2x.png"; sourceTree = "<group>"; };
		BF89DCE217A0088C00DB6056 /* MessageEntryBackground@2x.png */ = {isa = PBXFileReference; lastKnownFileType = image.png; path = "MessageEntryBackground@2x.png"; sourceTree = "<group>"; };
		BF89DCE317A0088C00DB6056 /* MessageEntryInputField@2x.png */ = {isa = PBXFileReference; lastKnownFileType = image.png; path = "MessageEntryInputField@2x.png"; sourceTree = "<group>"; };
		BF89DCE417A0088C00DB6056 /* MessageEntrySendButton@2x.png */ = {isa = PBXFileReference; lastKnownFileType = image.png; path = "MessageEntrySendButton@2x.png"; sourceTree = "<group>"; };
		BF89DCE517A0088C00DB6056 /* MessageEntrySendButtonPressed@2x.png */ = {isa = PBXFileReference; lastKnownFileType = image.png; path = "MessageEntrySendButtonPressed@2x.png"; sourceTree = "<group>"; };
		BF89DCE617A0088C00DB6056 /* navbar@2x.png */ = {isa = PBXFileReference; lastKnownFileType = image.png; path = "navbar@2x.png"; sourceTree = "<group>"; };
		BF89DCE717A0088C00DB6056 /* navbutton@2x.png */ = {isa = PBXFileReference; lastKnownFileType = image.png; path = "navbutton@2x.png"; sourceTree = "<group>"; };
		BF89DCE817A0088C00DB6056 /* new_message@2x.png */ = {isa = PBXFileReference; lastKnownFileType = image.png; path = "new_message@2x.png"; sourceTree = "<group>"; };
		BF89DCE917A0088C00DB6056 /* ruby-china-logo-2-small.png */ = {isa = PBXFileReference; lastKnownFileType = image.png; path = "ruby-china-logo-2-small.png"; sourceTree = "<group>"; };
		BF89DCEA17A0088C00DB6056 /* ruby-china-logo-2.png */ = {isa = PBXFileReference; lastKnownFileType = image.png; path = "ruby-china-logo-2.png"; sourceTree = "<group>"; };
		BF89DCEB17A0088C00DB6056 /* ruby-logo@2x.png */ = {isa = PBXFileReference; lastKnownFileType = image.png; path = "ruby-logo@2x.png"; sourceTree = "<group>"; };
		BF89DCEC17A0088C00DB6056 /* shadow@2x.png */ = {isa = PBXFileReference; lastKnownFileType = image.png; path = "shadow@2x.png"; sourceTree = "<group>"; };
		BF89DCED17A0088C00DB6056 /* tab1.png */ = {isa = PBXFileReference; lastKnownFileType = image.png; path = tab1.png; sourceTree = "<group>"; };
		BF89DCEE17A0088C00DB6056 /* tab1@2x.png */ = {isa = PBXFileReference; lastKnownFileType = image.png; path = "tab1@2x.png"; sourceTree = "<group>"; };
		BF89DCEF17A0088C00DB6056 /* tab2.png */ = {isa = PBXFileReference; lastKnownFileType = image.png; path = tab2.png; sourceTree = "<group>"; };
		BF89DCF017A0088C00DB6056 /* tab3@2x.png */ = {isa = PBXFileReference; lastKnownFileType = image.png; path = "tab3@2x.png"; sourceTree = "<group>"; };
		BF89DCF117A0088C00DB6056 /* tab4.png */ = {isa = PBXFileReference; lastKnownFileType = image.png; path = tab4.png; sourceTree = "<group>"; };
		BF89DCF217A0088C00DB6056 /* timeago@2x.png */ = {isa = PBXFileReference; lastKnownFileType = image.png; path = "timeago@2x.png"; sourceTree = "<group>"; };
		BF89DF8E17A1752100DB6056 /* LoginController.h */ = {isa = PBXFileReference; fileEncoding = 4; lastKnownFileType = sourcecode.c.h; path = LoginController.h; sourceTree = "<group>"; };
		BF89DF8F17A1752100DB6056 /* LoginController.m */ = {isa = PBXFileReference; fileEncoding = 4; lastKnownFileType = sourcecode.c.objc; path = LoginController.m; sourceTree = "<group>"; };
		BF89DFFE17A1FB2B00DB6056 /* RemoteEngine.h */ = {isa = PBXFileReference; fileEncoding = 4; lastKnownFileType = sourcecode.c.h; path = RemoteEngine.h; sourceTree = "<group>"; };
		BF89DFFF17A1FB2B00DB6056 /* RemoteEngine.m */ = {isa = PBXFileReference; fileEncoding = 4; lastKnownFileType = sourcecode.c.objc; path = RemoteEngine.m; sourceTree = "<group>"; };
		BF89E00317A2484E00DB6056 /* AFHTTPClient.h */ = {isa = PBXFileReference; fileEncoding = 4; lastKnownFileType = sourcecode.c.h; path = AFHTTPClient.h; sourceTree = "<group>"; };
		BF89E00417A2484E00DB6056 /* AFHTTPRequestOperation.h */ = {isa = PBXFileReference; fileEncoding = 4; lastKnownFileType = sourcecode.c.h; path = AFHTTPRequestOperation.h; sourceTree = "<group>"; };
		BF89E00517A2484E00DB6056 /* AFImageRequestOperation.h */ = {isa = PBXFileReference; fileEncoding = 4; lastKnownFileType = sourcecode.c.h; path = AFImageRequestOperation.h; sourceTree = "<group>"; };
		BF89E00617A2484E00DB6056 /* AFJSONRequestOperation.h */ = {isa = PBXFileReference; fileEncoding = 4; lastKnownFileType = sourcecode.c.h; path = AFJSONRequestOperation.h; sourceTree = "<group>"; };
		BF89E00717A2484E00DB6056 /* AFNetworkActivityIndicatorManager.h */ = {isa = PBXFileReference; fileEncoding = 4; lastKnownFileType = sourcecode.c.h; path = AFNetworkActivityIndicatorManager.h; sourceTree = "<group>"; };
		BF89E00817A2484E00DB6056 /* AFNetworking.h */ = {isa = PBXFileReference; fileEncoding = 4; lastKnownFileType = sourcecode.c.h; path = AFNetworking.h; sourceTree = "<group>"; };
		BF89E00917A2484E00DB6056 /* AFPropertyListRequestOperation.h */ = {isa = PBXFileReference; fileEncoding = 4; lastKnownFileType = sourcecode.c.h; path = AFPropertyListRequestOperation.h; sourceTree = "<group>"; };
		BF89E00A17A2484E00DB6056 /* AFURLConnectionOperation.h */ = {isa = PBXFileReference; fileEncoding = 4; lastKnownFileType = sourcecode.c.h; path = AFURLConnectionOperation.h; sourceTree = "<group>"; };
		BF89E00B17A2484E00DB6056 /* AFXMLRequestOperation.h */ = {isa = PBXFileReference; fileEncoding = 4; lastKnownFileType = sourcecode.c.h; path = AFXMLRequestOperation.h; sourceTree = "<group>"; };
		BF89E00C17A2484E00DB6056 /* UIImageView+AFNetworking.h */ = {isa = PBXFileReference; fileEncoding = 4; lastKnownFileType = sourcecode.c.h; path = "UIImageView+AFNetworking.h"; sourceTree = "<group>"; };
		BF89E00F17A2484E00DB6056 /* NSData+MKBase64.h */ = {isa = PBXFileReference; fileEncoding = 4; lastKnownFileType = sourcecode.c.h; path = "NSData+MKBase64.h"; sourceTree = "<group>"; };
		BF89E01017A2484E00DB6056 /* NSDate+RFC1123.h */ = {isa = PBXFileReference; fileEncoding = 4; lastKnownFileType = sourcecode.c.h; path = "NSDate+RFC1123.h"; sourceTree = "<group>"; };
		BF89E01117A2484E00DB6056 /* NSDictionary+RequestEncoding.h */ = {isa = PBXFileReference; fileEncoding = 4; lastKnownFileType = sourcecode.c.h; path = "NSDictionary+RequestEncoding.h"; sourceTree = "<group>"; };
		BF89E01217A2484E00DB6056 /* NSString+MKNetworkKitAdditions.h */ = {isa = PBXFileReference; fileEncoding = 4; lastKnownFileType = sourcecode.c.h; path = "NSString+MKNetworkKitAdditions.h"; sourceTree = "<group>"; };
		BF89E01317A2484E00DB6056 /* UIAlertView+MKNetworkKitAdditions.h */ = {isa = PBXFileReference; fileEncoding = 4; lastKnownFileType = sourcecode.c.h; path = "UIAlertView+MKNetworkKitAdditions.h"; sourceTree = "<group>"; };
		BF89E01417A2484E00DB6056 /* MKNetworkEngine.h */ = {isa = PBXFileReference; fileEncoding = 4; lastKnownFileType = sourcecode.c.h; path = MKNetworkEngine.h; sourceTree = "<group>"; };
		BF89E01517A2484E00DB6056 /* MKNetworkKit.h */ = {isa = PBXFileReference; fileEncoding = 4; lastKnownFileType = sourcecode.c.h; path = MKNetworkKit.h; sourceTree = "<group>"; };
		BF89E01617A2484E00DB6056 /* MKNetworkOperation.h */ = {isa = PBXFileReference; fileEncoding = 4; lastKnownFileType = sourcecode.c.h; path = MKNetworkOperation.h; sourceTree = "<group>"; };
		BF89E01817A2484E00DB6056 /* Reachability.h */ = {isa = PBXFileReference; fileEncoding = 4; lastKnownFileType = sourcecode.c.h; path = Reachability.h; sourceTree = "<group>"; };
		BF89E01C17A2484E00DB6056 /* NSManagedObject+RKAdditions.h */ = {isa = PBXFileReference; fileEncoding = 4; lastKnownFileType = sourcecode.c.h; path = "NSManagedObject+RKAdditions.h"; sourceTree = "<group>"; };
		BF89E01D17A2484E00DB6056 /* NSManagedObjectContext+RKAdditions.h */ = {isa = PBXFileReference; fileEncoding = 4; lastKnownFileType = sourcecode.c.h; path = "NSManagedObjectContext+RKAdditions.h"; sourceTree = "<group>"; };
		BF89E01E17A2484E00DB6056 /* RKConnectionDescription.h */ = {isa = PBXFileReference; fileEncoding = 4; lastKnownFileType = sourcecode.c.h; path = RKConnectionDescription.h; sourceTree = "<group>"; };
		BF89E01F17A2484E00DB6056 /* RKEntityByAttributeCache.h */ = {isa = PBXFileReference; fileEncoding = 4; lastKnownFileType = sourcecode.c.h; path = RKEntityByAttributeCache.h; sourceTree = "<group>"; };
		BF89E02017A2484E00DB6056 /* RKEntityCache.h */ = {isa = PBXFileReference; fileEncoding = 4; lastKnownFileType = sourcecode.c.h; path = RKEntityCache.h; sourceTree = "<group>"; };
		BF89E02117A2484E00DB6056 /* RKEntityMapping.h */ = {isa = PBXFileReference; fileEncoding = 4; lastKnownFileType = sourcecode.c.h; path = RKEntityMapping.h; sourceTree = "<group>"; };
		BF89E02217A2484E00DB6056 /* RKFetchRequestManagedObjectCache.h */ = {isa = PBXFileReference; fileEncoding = 4; lastKnownFileType = sourcecode.c.h; path = RKFetchRequestManagedObjectCache.h; sourceTree = "<group>"; };
		BF89E02317A2484E00DB6056 /* RKInMemoryManagedObjectCache.h */ = {isa = PBXFileReference; fileEncoding = 4; lastKnownFileType = sourcecode.c.h; path = RKInMemoryManagedObjectCache.h; sourceTree = "<group>"; };
		BF89E02417A2484E00DB6056 /* RKManagedObjectCaching.h */ = {isa = PBXFileReference; fileEncoding = 4; lastKnownFileType = sourcecode.c.h; path = RKManagedObjectCaching.h; sourceTree = "<group>"; };
		BF89E02517A2484E00DB6056 /* RKManagedObjectImporter.h */ = {isa = PBXFileReference; fileEncoding = 4; lastKnownFileType = sourcecode.c.h; path = RKManagedObjectImporter.h; sourceTree = "<group>"; };
		BF89E02617A2484E00DB6056 /* RKManagedObjectMappingOperationDataSource.h */ = {isa = PBXFileReference; fileEncoding = 4; lastKnownFileType = sourcecode.c.h; path = RKManagedObjectMappingOperationDataSource.h; sourceTree = "<group>"; };
		BF89E02717A2484E00DB6056 /* RKManagedObjectStore.h */ = {isa = PBXFileReference; fileEncoding = 4; lastKnownFileType = sourcecode.c.h; path = RKManagedObjectStore.h; sourceTree = "<group>"; };
		BF89E02817A2484E00DB6056 /* RKPropertyInspector+CoreData.h */ = {isa = PBXFileReference; fileEncoding = 4; lastKnownFileType = sourcecode.c.h; path = "RKPropertyInspector+CoreData.h"; sourceTree = "<group>"; };
		BF89E02917A2484E00DB6056 /* RKRelationshipConnectionOperation.h */ = {isa = PBXFileReference; fileEncoding = 4; lastKnownFileType = sourcecode.c.h; path = RKRelationshipConnectionOperation.h; sourceTree = "<group>"; };
		BF89E02A17A2484E00DB6056 /* CoreData.h */ = {isa = PBXFileReference; fileEncoding = 4; lastKnownFileType = sourcecode.c.h; path = CoreData.h; sourceTree = "<group>"; };
		BF89E02B17A2484E00DB6056 /* lcl_RK.h */ = {isa = PBXFileReference; fileEncoding = 4; lastKnownFileType = sourcecode.c.h; path = lcl_RK.h; sourceTree = "<group>"; };
		BF89E02C17A2484E00DB6056 /* LCLNSLog_RK.h */ = {isa = PBXFileReference; fileEncoding = 4; lastKnownFileType = sourcecode.c.h; path = LCLNSLog_RK.h; sourceTree = "<group>"; };
		BF89E02E17A2484E00DB6056 /* RKHTTPRequestOperation.h */ = {isa = PBXFileReference; fileEncoding = 4; lastKnownFileType = sourcecode.c.h; path = RKHTTPRequestOperation.h; sourceTree = "<group>"; };
		BF89E02F17A2484E00DB6056 /* RKManagedObjectRequestOperation.h */ = {isa = PBXFileReference; fileEncoding = 4; lastKnownFileType = sourcecode.c.h; path = RKManagedObjectRequestOperation.h; sourceTree = "<group>"; };
		BF89E03017A2484E00DB6056 /* RKObjectManager.h */ = {isa = PBXFileReference; fileEncoding = 4; lastKnownFileType = sourcecode.c.h; path = RKObjectManager.h; sourceTree = "<group>"; };
		BF89E03117A2484E00DB6056 /* RKObjectParameterization.h */ = {isa = PBXFileReference; fileEncoding = 4; lastKnownFileType = sourcecode.c.h; path = RKObjectParameterization.h; sourceTree = "<group>"; };
		BF89E03217A2484E00DB6056 /* RKObjectRequestOperation.h */ = {isa = PBXFileReference; fileEncoding = 4; lastKnownFileType = sourcecode.c.h; path = RKObjectRequestOperation.h; sourceTree = "<group>"; };
		BF89E03317A2484E00DB6056 /* RKPaginator.h */ = {isa = PBXFileReference; fileEncoding = 4; lastKnownFileType = sourcecode.c.h; path = RKPaginator.h; sourceTree = "<group>"; };
		BF89E03417A2484E00DB6056 /* RKRequestDescriptor.h */ = {isa = PBXFileReference; fileEncoding = 4; lastKnownFileType = sourcecode.c.h; path = RKRequestDescriptor.h; sourceTree = "<group>"; };
		BF89E03517A2484E00DB6056 /* RKRequestOperationSubclass.h */ = {isa = PBXFileReference; fileEncoding = 4; lastKnownFileType = sourcecode.c.h; path = RKRequestOperationSubclass.h; sourceTree = "<group>"; };
		BF89E03617A2484E00DB6056 /* RKResponseDescriptor.h */ = {isa = PBXFileReference; fileEncoding = 4; lastKnownFileType = sourcecode.c.h; path = RKResponseDescriptor.h; sourceTree = "<group>"; };
		BF89E03717A2484E00DB6056 /* RKResponseMapperOperation.h */ = {isa = PBXFileReference; fileEncoding = 4; lastKnownFileType = sourcecode.c.h; path = RKResponseMapperOperation.h; sourceTree = "<group>"; };
		BF89E03817A2484E00DB6056 /* RKRoute.h */ = {isa = PBXFileReference; fileEncoding = 4; lastKnownFileType = sourcecode.c.h; path = RKRoute.h; sourceTree = "<group>"; };
		BF89E03917A2484E00DB6056 /* RKRouter.h */ = {isa = PBXFileReference; fileEncoding = 4; lastKnownFileType = sourcecode.c.h; path = RKRouter.h; sourceTree = "<group>"; };
		BF89E03A17A2484E00DB6056 /* RKRouteSet.h */ = {isa = PBXFileReference; fileEncoding = 4; lastKnownFileType = sourcecode.c.h; path = RKRouteSet.h; sourceTree = "<group>"; };
		BF89E03B17A2484E00DB6056 /* Network.h */ = {isa = PBXFileReference; fileEncoding = 4; lastKnownFileType = sourcecode.c.h; path = Network.h; sourceTree = "<group>"; };
		BF89E03D17A2484E00DB6056 /* RKAttributeMapping.h */ = {isa = PBXFileReference; fileEncoding = 4; lastKnownFileType = sourcecode.c.h; path = RKAttributeMapping.h; sourceTree = "<group>"; };
		BF89E03E17A2484E00DB6056 /* RKDynamicMapping.h */ = {isa = PBXFileReference; fileEncoding = 4; lastKnownFileType = sourcecode.c.h; path = RKDynamicMapping.h; sourceTree = "<group>"; };
		BF89E03F17A2484E00DB6056 /* RKErrorMessage.h */ = {isa = PBXFileReference; fileEncoding = 4; lastKnownFileType = sourcecode.c.h; path = RKErrorMessage.h; sourceTree = "<group>"; };
		BF89E04017A2484E00DB6056 /* RKHTTPUtilities.h */ = {isa = PBXFileReference; fileEncoding = 4; lastKnownFileType = sourcecode.c.h; path = RKHTTPUtilities.h; sourceTree = "<group>"; };
		BF89E04117A2484E00DB6056 /* RKMapperOperation.h */ = {isa = PBXFileReference; fileEncoding = 4; lastKnownFileType = sourcecode.c.h; path = RKMapperOperation.h; sourceTree = "<group>"; };
		BF89E04217A2484E00DB6056 /* RKMapperOperation_Private.h */ = {isa = PBXFileReference; fileEncoding = 4; lastKnownFileType = sourcecode.c.h; path = RKMapperOperation_Private.h; sourceTree = "<group>"; };
		BF89E04317A2484E00DB6056 /* RKMapping.h */ = {isa = PBXFileReference; fileEncoding = 4; lastKnownFileType = sourcecode.c.h; path = RKMapping.h; sourceTree = "<group>"; };
		BF89E04417A2484E00DB6056 /* RKMappingErrors.h */ = {isa = PBXFileReference; fileEncoding = 4; lastKnownFileType = sourcecode.c.h; path = RKMappingErrors.h; sourceTree = "<group>"; };
		BF89E04517A2484E00DB6056 /* RKMappingOperation.h */ = {isa = PBXFileReference; fileEncoding = 4; lastKnownFileType = sourcecode.c.h; path = RKMappingOperation.h; sourceTree = "<group>"; };
		BF89E04617A2484E00DB6056 /* RKMappingOperationDataSource.h */ = {isa = PBXFileReference; fileEncoding = 4; lastKnownFileType = sourcecode.c.h; path = RKMappingOperationDataSource.h; sourceTree = "<group>"; };
		BF89E04717A2484E00DB6056 /* RKMappingResult.h */ = {isa = PBXFileReference; fileEncoding = 4; lastKnownFileType = sourcecode.c.h; path = RKMappingResult.h; sourceTree = "<group>"; };
		BF89E04817A2484E00DB6056 /* RKObjectMapping.h */ = {isa = PBXFileReference; fileEncoding = 4; lastKnownFileType = sourcecode.c.h; path = RKObjectMapping.h; sourceTree = "<group>"; };
		BF89E04917A2484E00DB6056 /* RKObjectMappingMatcher.h */ = {isa = PBXFileReference; fileEncoding = 4; lastKnownFileType = sourcecode.c.h; path = RKObjectMappingMatcher.h; sourceTree = "<group>"; };
		BF89E04A17A2484E00DB6056 /* RKObjectMappingOperationDataSource.h */ = {isa = PBXFileReference; fileEncoding = 4; lastKnownFileType = sourcecode.c.h; path = RKObjectMappingOperationDataSource.h; sourceTree = "<group>"; };
		BF89E04B17A2484E00DB6056 /* RKObjectUtilities.h */ = {isa = PBXFileReference; fileEncoding = 4; lastKnownFileType = sourcecode.c.h; path = RKObjectUtilities.h; sourceTree = "<group>"; };
		BF89E04C17A2484E00DB6056 /* RKPropertyInspector.h */ = {isa = PBXFileReference; fileEncoding = 4; lastKnownFileType = sourcecode.c.h; path = RKPropertyInspector.h; sourceTree = "<group>"; };
		BF89E04D17A2484E00DB6056 /* RKPropertyMapping.h */ = {isa = PBXFileReference; fileEncoding = 4; lastKnownFileType = sourcecode.c.h; path = RKPropertyMapping.h; sourceTree = "<group>"; };
		BF89E04E17A2484E00DB6056 /* RKRelationshipMapping.h */ = {isa = PBXFileReference; fileEncoding = 4; lastKnownFileType = sourcecode.c.h; path = RKRelationshipMapping.h; sourceTree = "<group>"; };
		BF89E04F17A2484E00DB6056 /* RKValueTransformers.h */ = {isa = PBXFileReference; fileEncoding = 4; lastKnownFileType = sourcecode.c.h; path = RKValueTransformers.h; sourceTree = "<group>"; };
		BF89E05017A2484E00DB6056 /* ObjectMapping.h */ = {isa = PBXFileReference; fileEncoding = 4; lastKnownFileType = sourcecode.c.h; path = ObjectMapping.h; sourceTree = "<group>"; };
		BF89E05117A2484E00DB6056 /* RestKit.h */ = {isa = PBXFileReference; fileEncoding = 4; lastKnownFileType = sourcecode.c.h; path = RestKit.h; sourceTree = "<group>"; };
		BF89E05217A2484E00DB6056 /* Search.h */ = {isa = PBXFileReference; fileEncoding = 4; lastKnownFileType = sourcecode.c.h; path = Search.h; sourceTree = "<group>"; };
		BF89E05417A2484E00DB6056 /* lcl_config_components_RK.h */ = {isa = PBXFileReference; fileEncoding = 4; lastKnownFileType = sourcecode.c.h; path = lcl_config_components_RK.h; sourceTree = "<group>"; };
		BF89E05517A2484E00DB6056 /* lcl_config_extensions_RK.h */ = {isa = PBXFileReference; fileEncoding = 4; lastKnownFileType = sourcecode.c.h; path = lcl_config_extensions_RK.h; sourceTree = "<group>"; };
		BF89E05617A2484E00DB6056 /* lcl_config_logger_RK.h */ = {isa = PBXFileReference; fileEncoding = 4; lastKnownFileType = sourcecode.c.h; path = lcl_config_logger_RK.h; sourceTree = "<group>"; };
		BF89E05717A2484E00DB6056 /* RKDictionaryUtilities.h */ = {isa = PBXFileReference; fileEncoding = 4; lastKnownFileType = sourcecode.c.h; path = RKDictionaryUtilities.h; sourceTree = "<group>"; };
		BF89E05817A2484E00DB6056 /* RKDotNetDateFormatter.h */ = {isa = PBXFileReference; fileEncoding = 4; lastKnownFileType = sourcecode.c.h; path = RKDotNetDateFormatter.h; sourceTree = "<group>"; };
		BF89E05917A2484E00DB6056 /* RKErrors.h */ = {isa = PBXFileReference; fileEncoding = 4; lastKnownFileType = sourcecode.c.h; path = RKErrors.h; sourceTree = "<group>"; };
		BF89E05A17A2484E00DB6056 /* RKISO8601DateFormatter.h */ = {isa = PBXFileReference; fileEncoding = 4; lastKnownFileType = sourcecode.c.h; path = RKISO8601DateFormatter.h; sourceTree = "<group>"; };
		BF89E05B17A2484E00DB6056 /* RKLog.h */ = {isa = PBXFileReference; fileEncoding = 4; lastKnownFileType = sourcecode.c.h; path = RKLog.h; sourceTree = "<group>"; };
		BF89E05C17A2484E00DB6056 /* RKMacros.h */ = {isa = PBXFileReference; fileEncoding = 4; lastKnownFileType = sourcecode.c.h; path = RKMacros.h; sourceTree = "<group>"; };
		BF89E05D17A2484E00DB6056 /* RKMIMETypes.h */ = {isa = PBXFileReference; fileEncoding = 4; lastKnownFileType = sourcecode.c.h; path = RKMIMETypes.h; sourceTree = "<group>"; };
		BF89E05E17A2484E00DB6056 /* RKMIMETypeSerialization.h */ = {isa = PBXFileReference; fileEncoding = 4; lastKnownFileType = sourcecode.c.h; path = RKMIMETypeSerialization.h; sourceTree = "<group>"; };
		BF89E05F17A2484E00DB6056 /* RKNSJSONSerialization.h */ = {isa = PBXFileReference; fileEncoding = 4; lastKnownFileType = sourcecode.c.h; path = RKNSJSONSerialization.h; sourceTree = "<group>"; };
		BF89E06017A2484E00DB6056 /* RKOperationStateMachine.h */ = {isa = PBXFileReference; fileEncoding = 4; lastKnownFileType = sourcecode.c.h; path = RKOperationStateMachine.h; sourceTree = "<group>"; };
		BF89E06117A2484E00DB6056 /* RKPathMatcher.h */ = {isa = PBXFileReference; fileEncoding = 4; lastKnownFileType = sourcecode.c.h; path = RKPathMatcher.h; sourceTree = "<group>"; };
		BF89E06217A2484E00DB6056 /* RKPathUtilities.h */ = {isa = PBXFileReference; fileEncoding = 4; lastKnownFileType = sourcecode.c.h; path = RKPathUtilities.h; sourceTree = "<group>"; };
		BF89E06317A2484E00DB6056 /* RKSerialization.h */ = {isa = PBXFileReference; fileEncoding = 4; lastKnownFileType = sourcecode.c.h; path = RKSerialization.h; sourceTree = "<group>"; };
		BF89E06417A2484E00DB6056 /* RKURLEncodedSerialization.h */ = {isa = PBXFileReference; fileEncoding = 4; lastKnownFileType = sourcecode.c.h; path = RKURLEncodedSerialization.h; sourceTree = "<group>"; };
		BF89E06517A2484E00DB6056 /* Support.h */ = {isa = PBXFileReference; fileEncoding = 4; lastKnownFileType = sourcecode.c.h; path = Support.h; sourceTree = "<group>"; };
		BF89E06617A2484E00DB6056 /* Testing.h */ = {isa = PBXFileReference; fileEncoding = 4; lastKnownFileType = sourcecode.c.h; path = Testing.h; sourceTree = "<group>"; };
		BF89E06817A2484E00DB6056 /* SOCKit.h */ = {isa = PBXFileReference; fileEncoding = 4; lastKnownFileType = sourcecode.c.h; path = SOCKit.h; sourceTree = "<group>"; };
		BF89E06A17A2484E00DB6056 /* SVProgressHUD.h */ = {isa = PBXFileReference; fileEncoding = 4; lastKnownFileType = sourcecode.c.h; path = SVProgressHUD.h; sourceTree = "<group>"; };
		BF89E06C17A2484E00DB6056 /* TKEvent.h */ = {isa = PBXFileReference; fileEncoding = 4; lastKnownFileType = sourcecode.c.h; path = TKEvent.h; sourceTree = "<group>"; };
		BF89E06D17A2484E00DB6056 /* TKState.h */ = {isa = PBXFileReference; fileEncoding = 4; lastKnownFileType = sourcecode.c.h; path = TKState.h; sourceTree = "<group>"; };
		BF89E06E17A2484E00DB6056 /* TKStateMachine.h */ = {isa = PBXFileReference; fileEncoding = 4; lastKnownFileType = sourcecode.c.h; path = TKStateMachine.h; sourceTree = "<group>"; };
		BF89E06F17A2484E00DB6056 /* TransitionKit.h */ = {isa = PBXFileReference; fileEncoding = 4; lastKnownFileType = sourcecode.c.h; path = TransitionKit.h; sourceTree = "<group>"; };
		BF89E07017A24B6C00DB6056 /* Preference.h */ = {isa = PBXFileReference; fileEncoding = 4; lastKnownFileType = sourcecode.c.h; path = Preference.h; sourceTree = "<group>"; };
		BF89E07117A24B6C00DB6056 /* Preference.m */ = {isa = PBXFileReference; fileEncoding = 4; lastKnownFileType = sourcecode.c.objc; path = Preference.m; sourceTree = "<group>"; };
		BF97E5501773D0AF009F859E /* RubyChina-for-IOS.app */ = {isa = PBXFileReference; explicitFileType = wrapper.application; includeInIndex = 0; path = "RubyChina-for-IOS.app"; sourceTree = BUILT_PRODUCTS_DIR; };
		BF97E5531773D0AF009F859E /* UIKit.framework */ = {isa = PBXFileReference; lastKnownFileType = wrapper.framework; name = UIKit.framework; path = System/Library/Frameworks/UIKit.framework; sourceTree = SDKROOT; };
		BF97E5551773D0AF009F859E /* Foundation.framework */ = {isa = PBXFileReference; lastKnownFileType = wrapper.framework; name = Foundation.framework; path = System/Library/Frameworks/Foundation.framework; sourceTree = SDKROOT; };
		BF97E5571773D0AF009F859E /* CoreGraphics.framework */ = {isa = PBXFileReference; lastKnownFileType = wrapper.framework; name = CoreGraphics.framework; path = System/Library/Frameworks/CoreGraphics.framework; sourceTree = SDKROOT; };
		BF97E55B1773D0AF009F859E /* RubyChina-for-IOS-Info.plist */ = {isa = PBXFileReference; lastKnownFileType = text.plist.xml; path = "RubyChina-for-IOS-Info.plist"; sourceTree = "<group>"; };
		BF97E55D1773D0AF009F859E /* en */ = {isa = PBXFileReference; lastKnownFileType = text.plist.strings; name = en; path = en.lproj/InfoPlist.strings; sourceTree = "<group>"; };
		BF97E55F1773D0AF009F859E /* main.m */ = {isa = PBXFileReference; lastKnownFileType = sourcecode.c.objc; path = main.m; sourceTree = "<group>"; };
		BF97E5611773D0AF009F859E /* RubyChina-for-IOS-Prefix.pch */ = {isa = PBXFileReference; lastKnownFileType = sourcecode.c.h; path = "RubyChina-for-IOS-Prefix.pch"; sourceTree = "<group>"; };
		BF97E5621773D0AF009F859E /* AppDelegate.h */ = {isa = PBXFileReference; lastKnownFileType = sourcecode.c.h; path = AppDelegate.h; sourceTree = "<group>"; };
		BF97E5631773D0AF009F859E /* AppDelegate.m */ = {isa = PBXFileReference; lastKnownFileType = sourcecode.c.objc; path = AppDelegate.m; sourceTree = "<group>"; };
		BF97E5651773D0AF009F859E /* Default.png */ = {isa = PBXFileReference; lastKnownFileType = image.png; path = Default.png; sourceTree = "<group>"; };
		BF97E5671773D0AF009F859E /* Default@2x.png */ = {isa = PBXFileReference; lastKnownFileType = image.png; path = "Default@2x.png"; sourceTree = "<group>"; };
		BF97E5691773D0AF009F859E /* Default-568h@2x.png */ = {isa = PBXFileReference; lastKnownFileType = image.png; path = "Default-568h@2x.png"; sourceTree = "<group>"; };
		BF97E56C1773D0AF009F859E /* en */ = {isa = PBXFileReference; lastKnownFileType = file.storyboard; name = en; path = en.lproj/MainStoryboard.storyboard; sourceTree = "<group>"; };
		BF97E56E1773D0AF009F859E /* ViewController.h */ = {isa = PBXFileReference; lastKnownFileType = sourcecode.c.h; path = ViewController.h; sourceTree = "<group>"; };
		BF97E56F1773D0AF009F859E /* ViewController.m */ = {isa = PBXFileReference; lastKnownFileType = sourcecode.c.objc; path = ViewController.m; sourceTree = "<group>"; };
		BFB54A23179F55D600643E38 /* Reply.h */ = {isa = PBXFileReference; fileEncoding = 4; lastKnownFileType = sourcecode.c.h; path = Reply.h; sourceTree = "<group>"; };
		BFB54A24179F55D600643E38 /* Reply.m */ = {isa = PBXFileReference; fileEncoding = 4; lastKnownFileType = sourcecode.c.objc; path = Reply.m; sourceTree = "<group>"; };
		BFBB6FCF17749BAF009EBE4A /* TopicsViewController.h */ = {isa = PBXFileReference; fileEncoding = 4; lastKnownFileType = sourcecode.c.h; path = TopicsViewController.h; sourceTree = "<group>"; };
		BFBB6FD017749BAF009EBE4A /* TopicsViewController.m */ = {isa = PBXFileReference; fileEncoding = 4; lastKnownFileType = sourcecode.c.objc; path = TopicsViewController.m; sourceTree = "<group>"; };
		BFEA20EF179D731C00F0E369 /* User.h */ = {isa = PBXFileReference; fileEncoding = 4; lastKnownFileType = sourcecode.c.h; path = User.h; sourceTree = "<group>"; };
		BFEA20F0179D731C00F0E369 /* User.m */ = {isa = PBXFileReference; fileEncoding = 4; lastKnownFileType = sourcecode.c.objc; path = User.m; sourceTree = "<group>"; };
		BFEA20F2179DFF4E00F0E369 /* Topic.h */ = {isa = PBXFileReference; fileEncoding = 4; lastKnownFileType = sourcecode.c.h; path = Topic.h; sourceTree = "<group>"; };
		BFEA20F3179DFF4E00F0E369 /* Topic.m */ = {isa = PBXFileReference; fileEncoding = 4; lastKnownFileType = sourcecode.c.objc; path = Topic.m; sourceTree = "<group>"; };
/* End PBXFileReference section */

/* Begin PBXFrameworksBuildPhase section */
		BF97E54D1773D0AF009F859E /* Frameworks */ = {
			isa = PBXFrameworksBuildPhase;
			buildActionMask = 2147483647;
			files = (
				BF97E5541773D0AF009F859E /* UIKit.framework in Frameworks */,
				BF97E5561773D0AF009F859E /* Foundation.framework in Frameworks */,
				BF97E5581773D0AF009F859E /* CoreGraphics.framework in Frameworks */,
				AA35D4FCCCC14C238DC681DD /* libPods.a in Frameworks */,
			);
			runOnlyForDeploymentPostprocessing = 0;
		};
/* End PBXFrameworksBuildPhase section */

/* Begin PBXGroup section */
		BF89DCDB17A0088C00DB6056 /* Resources */ = {
			isa = PBXGroup;
			children = (
				BF89DCDC17A0088C00DB6056 /* avatar@2x.png */,
				BF89DCDD17A0088C00DB6056 /* back@2x.png */,
				BF89DCDE17A0088C00DB6056 /* background@2x.png */,
				BF89DCDF17A0088C00DB6056 /* button@2x.png */,
				BF89DCE017A0088C00DB6056 /* deep.png */,
				BF89DCE117A0088C00DB6056 /* logo@2x.png */,
				BF89DCE217A0088C00DB6056 /* MessageEntryBackground@2x.png */,
				BF89DCE317A0088C00DB6056 /* MessageEntryInputField@2x.png */,
				BF89DCE417A0088C00DB6056 /* MessageEntrySendButton@2x.png */,
				BF89DCE517A0088C00DB6056 /* MessageEntrySendButtonPressed@2x.png */,
				BF89DCE617A0088C00DB6056 /* navbar@2x.png */,
				BF89DCE717A0088C00DB6056 /* navbutton@2x.png */,
				BF89DCE817A0088C00DB6056 /* new_message@2x.png */,
				BF89DCE917A0088C00DB6056 /* ruby-china-logo-2-small.png */,
				BF89DCEA17A0088C00DB6056 /* ruby-china-logo-2.png */,
				BF89DCEB17A0088C00DB6056 /* ruby-logo@2x.png */,
				BF89DCEC17A0088C00DB6056 /* shadow@2x.png */,
				BF89DCED17A0088C00DB6056 /* tab1.png */,
				BF89DCEE17A0088C00DB6056 /* tab1@2x.png */,
				BF89DCEF17A0088C00DB6056 /* tab2.png */,
				BF89DCF017A0088C00DB6056 /* tab3@2x.png */,
				BF89DCF117A0088C00DB6056 /* tab4.png */,
				BF89DCF217A0088C00DB6056 /* timeago@2x.png */,
			);
			path = Resources;
			sourceTree = "<group>";
		};
		BF89E00117A2484E00DB6056 /* Headers */ = {
			isa = PBXGroup;
			children = (
				BF89E00217A2484E00DB6056 /* AFNetworking */,
				BF89E00D17A2484E00DB6056 /* MKNetworkKit */,
				BF89E01717A2484E00DB6056 /* Reachability */,
				BF89E01917A2484E00DB6056 /* RestKit */,
				BF89E06717A2484E00DB6056 /* SOCKit */,
				BF89E06917A2484E00DB6056 /* SVProgressHUD */,
				BF89E06B17A2484E00DB6056 /* TransitionKit */,
			);
			name = Headers;
			path = Pods/Headers;
			sourceTree = "<group>";
		};
		BF89E00217A2484E00DB6056 /* AFNetworking */ = {
			isa = PBXGroup;
			children = (
				BF89E00317A2484E00DB6056 /* AFHTTPClient.h */,
				BF89E00417A2484E00DB6056 /* AFHTTPRequestOperation.h */,
				BF89E00517A2484E00DB6056 /* AFImageRequestOperation.h */,
				BF89E00617A2484E00DB6056 /* AFJSONRequestOperation.h */,
				BF89E00717A2484E00DB6056 /* AFNetworkActivityIndicatorManager.h */,
				BF89E00817A2484E00DB6056 /* AFNetworking.h */,
				BF89E00917A2484E00DB6056 /* AFPropertyListRequestOperation.h */,
				BF89E00A17A2484E00DB6056 /* AFURLConnectionOperation.h */,
				BF89E00B17A2484E00DB6056 /* AFXMLRequestOperation.h */,
				BF89E00C17A2484E00DB6056 /* UIImageView+AFNetworking.h */,
			);
			path = AFNetworking;
			sourceTree = "<group>";
		};
		BF89E00D17A2484E00DB6056 /* MKNetworkKit */ = {
			isa = PBXGroup;
			children = (
				BF89E00E17A2484E00DB6056 /* Categories */,
				BF89E01417A2484E00DB6056 /* MKNetworkEngine.h */,
				BF89E01517A2484E00DB6056 /* MKNetworkKit.h */,
				BF89E01617A2484E00DB6056 /* MKNetworkOperation.h */,
			);
			path = MKNetworkKit;
			sourceTree = "<group>";
		};
		BF89E00E17A2484E00DB6056 /* Categories */ = {
			isa = PBXGroup;
			children = (
				BF89E00F17A2484E00DB6056 /* NSData+MKBase64.h */,
				BF89E01017A2484E00DB6056 /* NSDate+RFC1123.h */,
				BF89E01117A2484E00DB6056 /* NSDictionary+RequestEncoding.h */,
				BF89E01217A2484E00DB6056 /* NSString+MKNetworkKitAdditions.h */,
				BF89E01317A2484E00DB6056 /* UIAlertView+MKNetworkKitAdditions.h */,
			);
			path = Categories;
			sourceTree = "<group>";
		};
		BF89E01717A2484E00DB6056 /* Reachability */ = {
			isa = PBXGroup;
			children = (
				BF89E01817A2484E00DB6056 /* Reachability.h */,
			);
			path = Reachability;
			sourceTree = "<group>";
		};
		BF89E01917A2484E00DB6056 /* RestKit */ = {
			isa = PBXGroup;
			children = (
				BF89E01A17A2484E00DB6056 /* RestKit */,
			);
			path = RestKit;
			sourceTree = "<group>";
		};
		BF89E01A17A2484E00DB6056 /* RestKit */ = {
			isa = PBXGroup;
			children = (
				BF89E01B17A2484E00DB6056 /* CoreData */,
				BF89E02A17A2484E00DB6056 /* CoreData.h */,
				BF89E02B17A2484E00DB6056 /* lcl_RK.h */,
				BF89E02C17A2484E00DB6056 /* LCLNSLog_RK.h */,
				BF89E02D17A2484E00DB6056 /* Network */,
				BF89E03B17A2484E00DB6056 /* Network.h */,
				BF89E03C17A2484E00DB6056 /* ObjectMapping */,
				BF89E05017A2484E00DB6056 /* ObjectMapping.h */,
				BF89E05117A2484E00DB6056 /* RestKit.h */,
				BF89E05217A2484E00DB6056 /* Search.h */,
				BF89E05317A2484E00DB6056 /* Support */,
				BF89E06517A2484E00DB6056 /* Support.h */,
				BF89E06617A2484E00DB6056 /* Testing.h */,
			);
			path = RestKit;
			sourceTree = "<group>";
		};
		BF89E01B17A2484E00DB6056 /* CoreData */ = {
			isa = PBXGroup;
			children = (
				BF89E01C17A2484E00DB6056 /* NSManagedObject+RKAdditions.h */,
				BF89E01D17A2484E00DB6056 /* NSManagedObjectContext+RKAdditions.h */,
				BF89E01E17A2484E00DB6056 /* RKConnectionDescription.h */,
				BF89E01F17A2484E00DB6056 /* RKEntityByAttributeCache.h */,
				BF89E02017A2484E00DB6056 /* RKEntityCache.h */,
				BF89E02117A2484E00DB6056 /* RKEntityMapping.h */,
				BF89E02217A2484E00DB6056 /* RKFetchRequestManagedObjectCache.h */,
				BF89E02317A2484E00DB6056 /* RKInMemoryManagedObjectCache.h */,
				BF89E02417A2484E00DB6056 /* RKManagedObjectCaching.h */,
				BF89E02517A2484E00DB6056 /* RKManagedObjectImporter.h */,
				BF89E02617A2484E00DB6056 /* RKManagedObjectMappingOperationDataSource.h */,
				BF89E02717A2484E00DB6056 /* RKManagedObjectStore.h */,
				BF89E02817A2484E00DB6056 /* RKPropertyInspector+CoreData.h */,
				BF89E02917A2484E00DB6056 /* RKRelationshipConnectionOperation.h */,
			);
			path = CoreData;
			sourceTree = "<group>";
		};
		BF89E02D17A2484E00DB6056 /* Network */ = {
			isa = PBXGroup;
			children = (
				BF89E02E17A2484E00DB6056 /* RKHTTPRequestOperation.h */,
				BF89E02F17A2484E00DB6056 /* RKManagedObjectRequestOperation.h */,
				BF89E03017A2484E00DB6056 /* RKObjectManager.h */,
				BF89E03117A2484E00DB6056 /* RKObjectParameterization.h */,
				BF89E03217A2484E00DB6056 /* RKObjectRequestOperation.h */,
				BF89E03317A2484E00DB6056 /* RKPaginator.h */,
				BF89E03417A2484E00DB6056 /* RKRequestDescriptor.h */,
				BF89E03517A2484E00DB6056 /* RKRequestOperationSubclass.h */,
				BF89E03617A2484E00DB6056 /* RKResponseDescriptor.h */,
				BF89E03717A2484E00DB6056 /* RKResponseMapperOperation.h */,
				BF89E03817A2484E00DB6056 /* RKRoute.h */,
				BF89E03917A2484E00DB6056 /* RKRouter.h */,
				BF89E03A17A2484E00DB6056 /* RKRouteSet.h */,
			);
			path = Network;
			sourceTree = "<group>";
		};
		BF89E03C17A2484E00DB6056 /* ObjectMapping */ = {
			isa = PBXGroup;
			children = (
				BF89E03D17A2484E00DB6056 /* RKAttributeMapping.h */,
				BF89E03E17A2484E00DB6056 /* RKDynamicMapping.h */,
				BF89E03F17A2484E00DB6056 /* RKErrorMessage.h */,
				BF89E04017A2484E00DB6056 /* RKHTTPUtilities.h */,
				BF89E04117A2484E00DB6056 /* RKMapperOperation.h */,
				BF89E04217A2484E00DB6056 /* RKMapperOperation_Private.h */,
				BF89E04317A2484E00DB6056 /* RKMapping.h */,
				BF89E04417A2484E00DB6056 /* RKMappingErrors.h */,
				BF89E04517A2484E00DB6056 /* RKMappingOperation.h */,
				BF89E04617A2484E00DB6056 /* RKMappingOperationDataSource.h */,
				BF89E04717A2484E00DB6056 /* RKMappingResult.h */,
				BF89E04817A2484E00DB6056 /* RKObjectMapping.h */,
				BF89E04917A2484E00DB6056 /* RKObjectMappingMatcher.h */,
				BF89E04A17A2484E00DB6056 /* RKObjectMappingOperationDataSource.h */,
				BF89E04B17A2484E00DB6056 /* RKObjectUtilities.h */,
				BF89E04C17A2484E00DB6056 /* RKPropertyInspector.h */,
				BF89E04D17A2484E00DB6056 /* RKPropertyMapping.h */,
				BF89E04E17A2484E00DB6056 /* RKRelationshipMapping.h */,
				BF89E04F17A2484E00DB6056 /* RKValueTransformers.h */,
			);
			path = ObjectMapping;
			sourceTree = "<group>";
		};
		BF89E05317A2484E00DB6056 /* Support */ = {
			isa = PBXGroup;
			children = (
				BF89E05417A2484E00DB6056 /* lcl_config_components_RK.h */,
				BF89E05517A2484E00DB6056 /* lcl_config_extensions_RK.h */,
				BF89E05617A2484E00DB6056 /* lcl_config_logger_RK.h */,
				BF89E05717A2484E00DB6056 /* RKDictionaryUtilities.h */,
				BF89E05817A2484E00DB6056 /* RKDotNetDateFormatter.h */,
				BF89E05917A2484E00DB6056 /* RKErrors.h */,
				BF89E05A17A2484E00DB6056 /* RKISO8601DateFormatter.h */,
				BF89E05B17A2484E00DB6056 /* RKLog.h */,
				BF89E05C17A2484E00DB6056 /* RKMacros.h */,
				BF89E05D17A2484E00DB6056 /* RKMIMETypes.h */,
				BF89E05E17A2484E00DB6056 /* RKMIMETypeSerialization.h */,
				BF89E05F17A2484E00DB6056 /* RKNSJSONSerialization.h */,
				BF89E06017A2484E00DB6056 /* RKOperationStateMachine.h */,
				BF89E06117A2484E00DB6056 /* RKPathMatcher.h */,
				BF89E06217A2484E00DB6056 /* RKPathUtilities.h */,
				BF89E06317A2484E00DB6056 /* RKSerialization.h */,
				BF89E06417A2484E00DB6056 /* RKURLEncodedSerialization.h */,
			);
			path = Support;
			sourceTree = "<group>";
		};
		BF89E06717A2484E00DB6056 /* SOCKit */ = {
			isa = PBXGroup;
			children = (
				BF89E06817A2484E00DB6056 /* SOCKit.h */,
			);
			path = SOCKit;
			sourceTree = "<group>";
		};
		BF89E06917A2484E00DB6056 /* SVProgressHUD */ = {
			isa = PBXGroup;
			children = (
				BF89E06A17A2484E00DB6056 /* SVProgressHUD.h */,
			);
			path = SVProgressHUD;
			sourceTree = "<group>";
		};
		BF89E06B17A2484E00DB6056 /* TransitionKit */ = {
			isa = PBXGroup;
			children = (
				BF89E06C17A2484E00DB6056 /* TKEvent.h */,
				BF89E06D17A2484E00DB6056 /* TKState.h */,
				BF89E06E17A2484E00DB6056 /* TKStateMachine.h */,
				BF89E06F17A2484E00DB6056 /* TransitionKit.h */,
			);
			path = TransitionKit;
			sourceTree = "<group>";
		};
		BF97E5471773D0AF009F859E = {
			isa = PBXGroup;
			children = (
				BF89E00117A2484E00DB6056 /* Headers */,
				BF97E5591773D0AF009F859E /* RubyChina-for-IOS */,
				BF97E5521773D0AF009F859E /* Frameworks */,
				BF97E5511773D0AF009F859E /* Products */,
				5F9A103C4D4849668EFD60DD /* Pods.xcconfig */,
			);
			sourceTree = "<group>";
		};
		BF97E5511773D0AF009F859E /* Products */ = {
			isa = PBXGroup;
			children = (
				BF97E5501773D0AF009F859E /* RubyChina-for-IOS.app */,
			);
			name = Products;
			sourceTree = "<group>";
		};
		BF97E5521773D0AF009F859E /* Frameworks */ = {
			isa = PBXGroup;
			children = (
				BF97E5531773D0AF009F859E /* UIKit.framework */,
				BF97E5551773D0AF009F859E /* Foundation.framework */,
				BF97E5571773D0AF009F859E /* CoreGraphics.framework */,
				21B0BD3DDE284E7F9F70D5B6 /* libPods.a */,
			);
			name = Frameworks;
			sourceTree = "<group>";
		};
		BF97E5591773D0AF009F859E /* RubyChina-for-IOS */ = {
			isa = PBXGroup;
			children = (
				BF89DCDB17A0088C00DB6056 /* Resources */,
				BFBB6FCB17748C47009EBE4A /* Views */,
				BFBB6FCA17748C3C009EBE4A /* Categories */,
				BFBB6FC917748C35009EBE4A /* Controllers */,
				BFBB6FC817748C2E009EBE4A /* Models */,
				BF97E5621773D0AF009F859E /* AppDelegate.h */,
				BF97E5631773D0AF009F859E /* AppDelegate.m */,
				BF97E56B1773D0AF009F859E /* MainStoryboard.storyboard */,
				BF97E56E1773D0AF009F859E /* ViewController.h */,
				BF97E56F1773D0AF009F859E /* ViewController.m */,
				BF97E55A1773D0AF009F859E /* Supporting Files */,
				BF89E07017A24B6C00DB6056 /* Preference.h */,
				BF89E07117A24B6C00DB6056 /* Preference.m */,
			);
			path = "RubyChina-for-IOS";
			sourceTree = "<group>";
		};
		BF97E55A1773D0AF009F859E /* Supporting Files */ = {
			isa = PBXGroup;
			children = (
				BF97E55B1773D0AF009F859E /* RubyChina-for-IOS-Info.plist */,
				BF97E55C1773D0AF009F859E /* InfoPlist.strings */,
				BF97E55F1773D0AF009F859E /* main.m */,
				BF97E5611773D0AF009F859E /* RubyChina-for-IOS-Prefix.pch */,
				BF97E5651773D0AF009F859E /* Default.png */,
				BF97E5671773D0AF009F859E /* Default@2x.png */,
				BF97E5691773D0AF009F859E /* Default-568h@2x.png */,
			);
			name = "Supporting Files";
			sourceTree = "<group>";
		};
		BFBB6FC817748C2E009EBE4A /* Models */ = {
			isa = PBXGroup;
			children = (
				BFEA20EF179D731C00F0E369 /* User.h */,
				BFEA20F0179D731C00F0E369 /* User.m */,
				BFEA20F2179DFF4E00F0E369 /* Topic.h */,
				BFEA20F3179DFF4E00F0E369 /* Topic.m */,
				BFB54A23179F55D600643E38 /* Reply.h */,
				BFB54A24179F55D600643E38 /* Reply.m */,
				BF89DCD2179FF59700DB6056 /* Node.h */,
				BF89DCD3179FF59700DB6056 /* Node.m */,
			);
			name = Models;
			sourceTree = "<group>";
		};
		BFBB6FC917748C35009EBE4A /* Controllers */ = {
			isa = PBXGroup;
			children = (
				BFBB6FCF17749BAF009EBE4A /* TopicsViewController.h */,
				BFBB6FD017749BAF009EBE4A /* TopicsViewController.m */,
				BF89DCD817A006FC00DB6056 /* UserController.h */,
				BF89DCD917A006FC00DB6056 /* UserController.m */,
				BF89DF8E17A1752100DB6056 /* LoginController.h */,
				BF89DF8F17A1752100DB6056 /* LoginController.m */,
				BF89DFFE17A1FB2B00DB6056 /* RemoteEngine.h */,
				BF89DFFF17A1FB2B00DB6056 /* RemoteEngine.m */,
			);
			name = Controllers;
			sourceTree = "<group>";
		};
		BFBB6FCA17748C3C009EBE4A /* Categories */ = {
			isa = PBXGroup;
			children = (
			);
			name = Categories;
			sourceTree = "<group>";
		};
		BFBB6FCB17748C47009EBE4A /* Views */ = {
			isa = PBXGroup;
			children = (
			);
			name = Views;
			sourceTree = "<group>";
		};
/* End PBXGroup section */

/* Begin PBXNativeTarget section */
		BF97E54F1773D0AF009F859E /* RubyChina-for-IOS */ = {
			isa = PBXNativeTarget;
			buildConfigurationList = BF97E5731773D0AF009F859E /* Build configuration list for PBXNativeTarget "RubyChina-for-IOS" */;
			buildPhases = (
				B38FECC491954CEC9EC6DBD7 /* Check Pods Manifest.lock */,
				BF97E54C1773D0AF009F859E /* Sources */,
				BF97E54D1773D0AF009F859E /* Frameworks */,
				BF97E54E1773D0AF009F859E /* Resources */,
				C2D5EEEAA0A646EDAEC380FB /* Copy Pods Resources */,
			);
			buildRules = (
			);
			dependencies = (
			);
			name = "RubyChina-for-IOS";
			productName = "RubyChina-for-IOS";
			productReference = BF97E5501773D0AF009F859E /* RubyChina-for-IOS.app */;
			productType = "com.apple.product-type.application";
		};
/* End PBXNativeTarget section */

/* Begin PBXProject section */
		BF97E5481773D0AF009F859E /* Project object */ = {
			isa = PBXProject;
			attributes = {
				LastUpgradeCheck = 0460;
				ORGANIZATIONNAME = Vincent;
			};
			buildConfigurationList = BF97E54B1773D0AF009F859E /* Build configuration list for PBXProject "RubyChina-for-IOS" */;
			compatibilityVersion = "Xcode 3.2";
			developmentRegion = English;
			hasScannedForEncodings = 0;
			knownRegions = (
				en,
			);
			mainGroup = BF97E5471773D0AF009F859E;
			productRefGroup = BF97E5511773D0AF009F859E /* Products */;
			projectDirPath = "";
			projectRoot = "";
			targets = (
				BF97E54F1773D0AF009F859E /* RubyChina-for-IOS */,
			);
		};
/* End PBXProject section */

/* Begin PBXResourcesBuildPhase section */
		BF97E54E1773D0AF009F859E /* Resources */ = {
			isa = PBXResourcesBuildPhase;
			buildActionMask = 2147483647;
			files = (
				BF97E55E1773D0AF009F859E /* InfoPlist.strings in Resources */,
				BF97E5661773D0AF009F859E /* Default.png in Resources */,
				BF97E5681773D0AF009F859E /* Default@2x.png in Resources */,
				BF97E56A1773D0AF009F859E /* Default-568h@2x.png in Resources */,
				BF97E56D1773D0AF009F859E /* MainStoryboard.storyboard in Resources */,
				BF89DCF317A0088C00DB6056 /* avatar@2x.png in Resources */,
				BF89DCF417A0088C00DB6056 /* back@2x.png in Resources */,
				BF89DCF517A0088C00DB6056 /* background@2x.png in Resources */,
				BF89DCF617A0088C00DB6056 /* button@2x.png in Resources */,
				BF89DCF717A0088C00DB6056 /* deep.png in Resources */,
				BF89DCF817A0088C00DB6056 /* logo@2x.png in Resources */,
				BF89DCF917A0088C00DB6056 /* MessageEntryBackground@2x.png in Resources */,
				BF89DCFA17A0088C00DB6056 /* MessageEntryInputField@2x.png in Resources */,
				BF89DCFB17A0088C00DB6056 /* MessageEntrySendButton@2x.png in Resources */,
				BF89DCFC17A0088C00DB6056 /* MessageEntrySendButtonPressed@2x.png in Resources */,
				BF89DCFD17A0088C00DB6056 /* navbar@2x.png in Resources */,
				BF89DCFE17A0088C00DB6056 /* navbutton@2x.png in Resources */,
				BF89DCFF17A0088C00DB6056 /* new_message@2x.png in Resources */,
				BF89DD0017A0088C00DB6056 /* ruby-china-logo-2-small.png in Resources */,
				BF89DD0117A0088C00DB6056 /* ruby-china-logo-2.png in Resources */,
				BF89DD0217A0088C00DB6056 /* ruby-logo@2x.png in Resources */,
				BF89DD0317A0088C00DB6056 /* shadow@2x.png in Resources */,
				BF89DD0417A0088C00DB6056 /* tab1.png in Resources */,
				BF89DD0517A0088C00DB6056 /* tab1@2x.png in Resources */,
				BF89DD0617A0088C00DB6056 /* tab2.png in Resources */,
				BF89DD0717A0088C00DB6056 /* tab3@2x.png in Resources */,
				BF89DD0817A0088C00DB6056 /* tab4.png in Resources */,
				BF89DD0917A0088C00DB6056 /* timeago@2x.png in Resources */,
			);
			runOnlyForDeploymentPostprocessing = 0;
		};
/* End PBXResourcesBuildPhase section */

/* Begin PBXShellScriptBuildPhase section */
		B38FECC491954CEC9EC6DBD7 /* Check Pods Manifest.lock */ = {
			isa = PBXShellScriptBuildPhase;
			buildActionMask = 2147483647;
			files = (
			);
			inputPaths = (
			);
			name = "Check Pods Manifest.lock";
			outputPaths = (
			);
			runOnlyForDeploymentPostprocessing = 0;
			shellPath = /bin/sh;
			shellScript = "diff \"${PODS_ROOT}/../Podfile.lock\" \"${PODS_ROOT}/Manifest.lock\" > /dev/null\nif [[ $? != 0 ]] ; then\n    cat << EOM\nerror: The sandbox is not in sync with the Podfile.lock. Run 'pod install' or update your CocoaPods installation.\nEOM\n    exit 1\nfi\n";
		};
		C2D5EEEAA0A646EDAEC380FB /* Copy Pods Resources */ = {
			isa = PBXShellScriptBuildPhase;
			buildActionMask = 2147483647;
			files = (
			);
			inputPaths = (
			);
			name = "Copy Pods Resources";
			outputPaths = (
			);
			runOnlyForDeploymentPostprocessing = 0;
			shellPath = /bin/sh;
			shellScript = "\"${SRCROOT}/Pods/Pods-resources.sh\"\n";
			showEnvVarsInLog = 0;
		};
/* End PBXShellScriptBuildPhase section */

/* Begin PBXSourcesBuildPhase section */
		BF97E54C1773D0AF009F859E /* Sources */ = {
			isa = PBXSourcesBuildPhase;
			buildActionMask = 2147483647;
			files = (
				BF97E5601773D0AF009F859E /* main.m in Sources */,
				BF97E5641773D0AF009F859E /* AppDelegate.m in Sources */,
				BF97E5701773D0AF009F859E /* ViewController.m in Sources */,
				BFBB6FD117749BAF009EBE4A /* TopicsViewController.m in Sources */,
				BFEA20F1179D731C00F0E369 /* User.m in Sources */,
				BFEA20F4179DFF4E00F0E369 /* Topic.m in Sources */,
				BFB54A25179F55D700643E38 /* Reply.m in Sources */,
				BF89DCD4179FF59700DB6056 /* Node.m in Sources */,
				BF89DCDA17A006FC00DB6056 /* UserController.m in Sources */,
				BF89DF9017A1752100DB6056 /* LoginController.m in Sources */,
				BF89E00017A1FB2B00DB6056 /* RemoteEngine.m in Sources */,
				BF89E07217A24B6C00DB6056 /* Preference.m in Sources */,
			);
			runOnlyForDeploymentPostprocessing = 0;
		};
/* End PBXSourcesBuildPhase section */

/* Begin PBXVariantGroup section */
		BF97E55C1773D0AF009F859E /* InfoPlist.strings */ = {
			isa = PBXVariantGroup;
			children = (
				BF97E55D1773D0AF009F859E /* en */,
			);
			name = InfoPlist.strings;
			sourceTree = "<group>";
		};
		BF97E56B1773D0AF009F859E /* MainStoryboard.storyboard */ = {
			isa = PBXVariantGroup;
			children = (
				BF97E56C1773D0AF009F859E /* en */,
			);
			name = MainStoryboard.storyboard;
			sourceTree = "<group>";
		};
/* End PBXVariantGroup section */

/* Begin XCBuildConfiguration section */
		BF97E5711773D0AF009F859E /* Debug */ = {
			isa = XCBuildConfiguration;
			buildSettings = {
				ALWAYS_SEARCH_USER_PATHS = NO;
				CLANG_CXX_LANGUAGE_STANDARD = "gnu++0x";
				CLANG_CXX_LIBRARY = "libc++";
				CLANG_ENABLE_OBJC_ARC = YES;
				CLANG_WARN_CONSTANT_CONVERSION = YES;
				CLANG_WARN_EMPTY_BODY = YES;
				CLANG_WARN_ENUM_CONVERSION = YES;
				CLANG_WARN_INT_CONVERSION = YES;
				CLANG_WARN__DUPLICATE_METHOD_MATCH = YES;
				"CODE_SIGN_IDENTITY[sdk=iphoneos*]" = "iPhone Developer";
				COPY_PHASE_STRIP = NO;
				GCC_C_LANGUAGE_STANDARD = gnu99;
				GCC_DYNAMIC_NO_PIC = NO;
				GCC_OPTIMIZATION_LEVEL = 0;
				GCC_PREPROCESSOR_DEFINITIONS = (
					"DEBUG=1",
					"$(inherited)",
				);
				GCC_SYMBOLS_PRIVATE_EXTERN = NO;
				GCC_WARN_ABOUT_RETURN_TYPE = YES;
				GCC_WARN_UNINITIALIZED_AUTOS = YES;
				GCC_WARN_UNUSED_VARIABLE = YES;
				IPHONEOS_DEPLOYMENT_TARGET = 6.1;
				ONLY_ACTIVE_ARCH = YES;
				SDKROOT = iphoneos;
			};
			name = Debug;
		};
		BF97E5721773D0AF009F859E /* Release */ = {
			isa = XCBuildConfiguration;
			buildSettings = {
				ALWAYS_SEARCH_USER_PATHS = NO;
				CLANG_CXX_LANGUAGE_STANDARD = "gnu++0x";
				CLANG_CXX_LIBRARY = "libc++";
				CLANG_ENABLE_OBJC_ARC = YES;
				CLANG_WARN_CONSTANT_CONVERSION = YES;
				CLANG_WARN_EMPTY_BODY = YES;
				CLANG_WARN_ENUM_CONVERSION = YES;
				CLANG_WARN_INT_CONVERSION = YES;
				CLANG_WARN__DUPLICATE_METHOD_MATCH = YES;
				"CODE_SIGN_IDENTITY[sdk=iphoneos*]" = "iPhone Developer";
				COPY_PHASE_STRIP = YES;
				GCC_C_LANGUAGE_STANDARD = gnu99;
				GCC_WARN_ABOUT_RETURN_TYPE = YES;
				GCC_WARN_UNINITIALIZED_AUTOS = YES;
				GCC_WARN_UNUSED_VARIABLE = YES;
				IPHONEOS_DEPLOYMENT_TARGET = 6.1;
				OTHER_CFLAGS = "-DNS_BLOCK_ASSERTIONS=1";
				SDKROOT = iphoneos;
				VALIDATE_PRODUCT = YES;
			};
			name = Release;
		};
		BF97E5741773D0AF009F859E /* Debug */ = {
			isa = XCBuildConfiguration;
			baseConfigurationReference = 5F9A103C4D4849668EFD60DD /* Pods.xcconfig */;
			buildSettings = {
				GCC_PRECOMPILE_PREFIX_HEADER = YES;
				GCC_PREFIX_HEADER = "RubyChina-for-IOS/RubyChina-for-IOS-Prefix.pch";
				INFOPLIST_FILE = "RubyChina-for-IOS/RubyChina-for-IOS-Info.plist";
				PRODUCT_NAME = "$(TARGET_NAME)";
				WRAPPER_EXTENSION = app;
			};
			name = Debug;
		};
		BF97E5751773D0AF009F859E /* Release */ = {
			isa = XCBuildConfiguration;
			baseConfigurationReference = 5F9A103C4D4849668EFD60DD /* Pods.xcconfig */;
			buildSettings = {
				GCC_PRECOMPILE_PREFIX_HEADER = YES;
				GCC_PREFIX_HEADER = "RubyChina-for-IOS/RubyChina-for-IOS-Prefix.pch";
				INFOPLIST_FILE = "RubyChina-for-IOS/RubyChina-for-IOS-Info.plist";
				PRODUCT_NAME = "$(TARGET_NAME)";
				WRAPPER_EXTENSION = app;
			};
			name = Release;
		};
/* End XCBuildConfiguration section */

/* Begin XCConfigurationList section */
		BF97E54B1773D0AF009F859E /* Build configuration list for PBXProject "RubyChina-for-IOS" */ = {
			isa = XCConfigurationList;
			buildConfigurations = (
				BF97E5711773D0AF009F859E /* Debug */,
				BF97E5721773D0AF009F859E /* Release */,
			);
			defaultConfigurationIsVisible = 0;
			defaultConfigurationName = Release;
		};
		BF97E5731773D0AF009F859E /* Build configuration list for PBXNativeTarget "RubyChina-for-IOS" */ = {
			isa = XCConfigurationList;
			buildConfigurations = (
				BF97E5741773D0AF009F859E /* Debug */,
				BF97E5751773D0AF009F859E /* Release */,
			);
			defaultConfigurationIsVisible = 0;
			defaultConfigurationName = Release;
		};
/* End XCConfigurationList section */
	};
	rootObject = BF97E5481773D0AF009F859E /* Project object */;
}
