// !$*UTF8*$!
{
	archiveVersion = 1;
	classes = {
	};
	objectVersion = 46;
	objects = {

/* Begin PBXBuildFile section */
		9B451D75573B4C36A1A68E1D /* libPods.a in Frameworks */ = {isa = PBXBuildFile; fileRef = C8CA668049064732BB9DCD3D /* libPods.a */; };
		BF0F3F361806EC4100E48E53 /* Ruby-China.storyboard in Resources */ = {isa = PBXBuildFile; fileRef = BF0F3F351806EC4100E48E53 /* Ruby-China.storyboard */; };
		BF24AA5E17D62D8200D955C0 /* UIKit.framework in Frameworks */ = {isa = PBXBuildFile; fileRef = BF24AA5D17D62D8200D955C0 /* UIKit.framework */; };
		BF24AA6017D62D8200D955C0 /* Foundation.framework in Frameworks */ = {isa = PBXBuildFile; fileRef = BF24AA5F17D62D8200D955C0 /* Foundation.framework */; };
		BF24AA6217D62D8200D955C0 /* CoreGraphics.framework in Frameworks */ = {isa = PBXBuildFile; fileRef = BF24AA6117D62D8200D955C0 /* CoreGraphics.framework */; };
		BF24AA6817D62D8200D955C0 /* InfoPlist.strings in Resources */ = {isa = PBXBuildFile; fileRef = BF24AA6617D62D8200D955C0 /* InfoPlist.strings */; };
		BF24AA6A17D62D8200D955C0 /* main.m in Sources */ = {isa = PBXBuildFile; fileRef = BF24AA6917D62D8200D955C0 /* main.m */; };
		BF24AA6E17D62D8200D955C0 /* AppDelegate.m in Sources */ = {isa = PBXBuildFile; fileRef = BF24AA6D17D62D8200D955C0 /* AppDelegate.m */; };
		BF24AA7017D62D8200D955C0 /* Default.png in Resources */ = {isa = PBXBuildFile; fileRef = BF24AA6F17D62D8200D955C0 /* Default.png */; };
		BF24AA7217D62D8200D955C0 /* Default@2x.png in Resources */ = {isa = PBXBuildFile; fileRef = BF24AA7117D62D8200D955C0 /* Default@2x.png */; };
		BF24AA7417D62D8200D955C0 /* Default-568h@2x.png in Resources */ = {isa = PBXBuildFile; fileRef = BF24AA7317D62D8200D955C0 /* Default-568h@2x.png */; };
/* End PBXBuildFile section */

/* Begin PBXFileReference section */
		BF0F3F351806EC4100E48E53 /* Ruby-China.storyboard */ = {isa = PBXFileReference; fileEncoding = 4; lastKnownFileType = file.storyboard; path = "Ruby-China.storyboard"; sourceTree = "<group>"; };
		BF24AA5A17D62D8200D955C0 /* Ruby-China.app */ = {isa = PBXFileReference; explicitFileType = wrapper.application; includeInIndex = 0; path = "Ruby-China.app"; sourceTree = BUILT_PRODUCTS_DIR; };
		BF24AA5D17D62D8200D955C0 /* UIKit.framework */ = {isa = PBXFileReference; lastKnownFileType = wrapper.framework; name = UIKit.framework; path = System/Library/Frameworks/UIKit.framework; sourceTree = SDKROOT; };
		BF24AA5F17D62D8200D955C0 /* Foundation.framework */ = {isa = PBXFileReference; lastKnownFileType = wrapper.framework; name = Foundation.framework; path = System/Library/Frameworks/Foundation.framework; sourceTree = SDKROOT; };
		BF24AA6117D62D8200D955C0 /* CoreGraphics.framework */ = {isa = PBXFileReference; lastKnownFileType = wrapper.framework; name = CoreGraphics.framework; path = System/Library/Frameworks/CoreGraphics.framework; sourceTree = SDKROOT; };
		BF24AA6517D62D8200D955C0 /* Ruby-China-Info.plist */ = {isa = PBXFileReference; lastKnownFileType = text.plist.xml; path = "Ruby-China-Info.plist"; sourceTree = "<group>"; };
		BF24AA6717D62D8200D955C0 /* en */ = {isa = PBXFileReference; lastKnownFileType = text.plist.strings; name = en; path = en.lproj/InfoPlist.strings; sourceTree = "<group>"; };
		BF24AA6917D62D8200D955C0 /* main.m */ = {isa = PBXFileReference; lastKnownFileType = sourcecode.c.objc; path = main.m; sourceTree = "<group>"; };
		BF24AA6B17D62D8200D955C0 /* Ruby-China-Prefix.pch */ = {isa = PBXFileReference; lastKnownFileType = sourcecode.c.h; path = "Ruby-China-Prefix.pch"; sourceTree = "<group>"; };
		BF24AA6C17D62D8200D955C0 /* AppDelegate.h */ = {isa = PBXFileReference; lastKnownFileType = sourcecode.c.h; path = AppDelegate.h; sourceTree = "<group>"; };
		BF24AA6D17D62D8200D955C0 /* AppDelegate.m */ = {isa = PBXFileReference; lastKnownFileType = sourcecode.c.objc; path = AppDelegate.m; sourceTree = "<group>"; };
		BF24AA6F17D62D8200D955C0 /* Default.png */ = {isa = PBXFileReference; lastKnownFileType = image.png; path = Default.png; sourceTree = "<group>"; };
		BF24AA7117D62D8200D955C0 /* Default@2x.png */ = {isa = PBXFileReference; lastKnownFileType = image.png; path = "Default@2x.png"; sourceTree = "<group>"; };
		BF24AA7317D62D8200D955C0 /* Default-568h@2x.png */ = {isa = PBXFileReference; lastKnownFileType = image.png; path = "Default-568h@2x.png"; sourceTree = "<group>"; };
		C8CA668049064732BB9DCD3D /* libPods.a */ = {isa = PBXFileReference; explicitFileType = archive.ar; includeInIndex = 0; path = libPods.a; sourceTree = BUILT_PRODUCTS_DIR; };
		DB0463874C2D461B8687FFB0 /* Pods.xcconfig */ = {isa = PBXFileReference; includeInIndex = 1; lastKnownFileType = text.xcconfig; name = Pods.xcconfig; path = Pods/Pods.xcconfig; sourceTree = SOURCE_ROOT; };
/* End PBXFileReference section */

/* Begin PBXFrameworksBuildPhase section */
		BF24AA5717D62D8200D955C0 /* Frameworks */ = {
			isa = PBXFrameworksBuildPhase;
			buildActionMask = 2147483647;
			files = (
				BF24AA5E17D62D8200D955C0 /* UIKit.framework in Frameworks */,
				BF24AA6017D62D8200D955C0 /* Foundation.framework in Frameworks */,
				BF24AA6217D62D8200D955C0 /* CoreGraphics.framework in Frameworks */,
				9B451D75573B4C36A1A68E1D /* libPods.a in Frameworks */,
			);
			runOnlyForDeploymentPostprocessing = 0;
		};
/* End PBXFrameworksBuildPhase section */

/* Begin PBXGroup section */
		BF24AA5117D62D8200D955C0 = {
			isa = PBXGroup;
			children = (
				BF24AA6317D62D8200D955C0 /* Ruby-China */,
				BF24AA5C17D62D8200D955C0 /* Frameworks */,
				BF24AA5B17D62D8200D955C0 /* Products */,
				DB0463874C2D461B8687FFB0 /* Pods.xcconfig */,
			);
			sourceTree = "<group>";
		};
		BF24AA5B17D62D8200D955C0 /* Products */ = {
			isa = PBXGroup;
			children = (
				BF24AA5A17D62D8200D955C0 /* Ruby-China.app */,
			);
			name = Products;
			sourceTree = "<group>";
		};
		BF24AA5C17D62D8200D955C0 /* Frameworks */ = {
			isa = PBXGroup;
			children = (
				BF24AA5D17D62D8200D955C0 /* UIKit.framework */,
				BF24AA5F17D62D8200D955C0 /* Foundation.framework */,
				BF24AA6117D62D8200D955C0 /* CoreGraphics.framework */,
				C8CA668049064732BB9DCD3D /* libPods.a */,
			);
			name = Frameworks;
			sourceTree = "<group>";
		};
		BF24AA6317D62D8200D955C0 /* Ruby-China */ = {
			isa = PBXGroup;
			children = (
				BF24AA6C17D62D8200D955C0 /* AppDelegate.h */,
				BF24AA6D17D62D8200D955C0 /* AppDelegate.m */,
				BF0F3F351806EC4100E48E53 /* Ruby-China.storyboard */,
				BF24AA6417D62D8200D955C0 /* Supporting Files */,
			);
			path = "Ruby-China";
			sourceTree = "<group>";
		};
		BF24AA6417D62D8200D955C0 /* Supporting Files */ = {
			isa = PBXGroup;
			children = (
				BF24AA6517D62D8200D955C0 /* Ruby-China-Info.plist */,
				BF24AA6617D62D8200D955C0 /* InfoPlist.strings */,
				BF24AA6917D62D8200D955C0 /* main.m */,
				BF24AA6B17D62D8200D955C0 /* Ruby-China-Prefix.pch */,
				BF24AA6F17D62D8200D955C0 /* Default.png */,
				BF24AA7117D62D8200D955C0 /* Default@2x.png */,
				BF24AA7317D62D8200D955C0 /* Default-568h@2x.png */,
			);
			name = "Supporting Files";
			sourceTree = "<group>";
		};
/* End PBXGroup section */

/* Begin PBXNativeTarget section */
		BF24AA5917D62D8200D955C0 /* Ruby-China */ = {
			isa = PBXNativeTarget;
			buildConfigurationList = BF24AA7717D62D8200D955C0 /* Build configuration list for PBXNativeTarget "Ruby-China" */;
			buildPhases = (
				F9D2A2B6B90040D0BF18216A /* Check Pods Manifest.lock */,
				BF24AA5617D62D8200D955C0 /* Sources */,
				BF24AA5717D62D8200D955C0 /* Frameworks */,
				BF24AA5817D62D8200D955C0 /* Resources */,
				7900616DF1B24650A729B516 /* Copy Pods Resources */,
			);
			buildRules = (
			);
			dependencies = (
			);
			name = "Ruby-China";
			productName = "Ruby-China";
			productReference = BF24AA5A17D62D8200D955C0 /* Ruby-China.app */;
			productType = "com.apple.product-type.application";
		};
/* End PBXNativeTarget section */

/* Begin PBXProject section */
		BF24AA5217D62D8200D955C0 /* Project object */ = {
			isa = PBXProject;
			attributes = {
				LastUpgradeCheck = 0460;
				ORGANIZATIONNAME = Vincent;
			};
			buildConfigurationList = BF24AA5517D62D8200D955C0 /* Build configuration list for PBXProject "Ruby-China" */;
			compatibilityVersion = "Xcode 3.2";
			developmentRegion = English;
			hasScannedForEncodings = 0;
			knownRegions = (
				en,
			);
			mainGroup = BF24AA5117D62D8200D955C0;
			productRefGroup = BF24AA5B17D62D8200D955C0 /* Products */;
			projectDirPath = "";
			projectRoot = "";
			targets = (
				BF24AA5917D62D8200D955C0 /* Ruby-China */,
			);
		};
/* End PBXProject section */

/* Begin PBXResourcesBuildPhase section */
		BF24AA5817D62D8200D955C0 /* Resources */ = {
			isa = PBXResourcesBuildPhase;
			buildActionMask = 2147483647;
			files = (
				BF24AA6817D62D8200D955C0 /* InfoPlist.strings in Resources */,
				BF0F3F361806EC4100E48E53 /* Ruby-China.storyboard in Resources */,
				BF24AA7017D62D8200D955C0 /* Default.png in Resources */,
				BF24AA7217D62D8200D955C0 /* Default@2x.png in Resources */,
				BF24AA7417D62D8200D955C0 /* Default-568h@2x.png in Resources */,
			);
			runOnlyForDeploymentPostprocessing = 0;
		};
/* End PBXResourcesBuildPhase section */

/* Begin PBXShellScriptBuildPhase section */
		7900616DF1B24650A729B516 /* Copy Pods Resources */ = {
			isa = PBXShellScriptBuildPhase;
			buildActionMask = 2147483647;
			files = (
			);
			inputPaths = (
			);
			name = "Copy Pods Resources";
			outputPaths = (
			);
			runOnlyForDeploymentPostprocessing = 0;
			shellPath = /bin/sh;
			shellScript = "\"${SRCROOT}/Pods/Pods-resources.sh\"\n";
			showEnvVarsInLog = 0;
		};
		F9D2A2B6B90040D0BF18216A /* Check Pods Manifest.lock */ = {
			isa = PBXShellScriptBuildPhase;
			buildActionMask = 2147483647;
			files = (
			);
			inputPaths = (
			);
			name = "Check Pods Manifest.lock";
			outputPaths = (
			);
			runOnlyForDeploymentPostprocessing = 0;
			shellPath = /bin/sh;
			shellScript = "diff \"${PODS_ROOT}/../Podfile.lock\" \"${PODS_ROOT}/Manifest.lock\" > /dev/null\nif [[ $? != 0 ]] ; then\n    cat << EOM\nerror: The sandbox is not in sync with the Podfile.lock. Run 'pod install' or update your CocoaPods installation.\nEOM\n    exit 1\nfi\n";
			showEnvVarsInLog = 0;
		};
/* End PBXShellScriptBuildPhase section */

/* Begin PBXSourcesBuildPhase section */
		BF24AA5617D62D8200D955C0 /* Sources */ = {
			isa = PBXSourcesBuildPhase;
			buildActionMask = 2147483647;
			files = (
				BF24AA6A17D62D8200D955C0 /* main.m in Sources */,
				BF24AA6E17D62D8200D955C0 /* AppDelegate.m in Sources */,
			);
			runOnlyForDeploymentPostprocessing = 0;
		};
/* End PBXSourcesBuildPhase section */

/* Begin PBXVariantGroup section */
		BF24AA6617D62D8200D955C0 /* InfoPlist.strings */ = {
			isa = PBXVariantGroup;
			children = (
				BF24AA6717D62D8200D955C0 /* en */,
			);
			name = InfoPlist.strings;
			sourceTree = "<group>";
		};
/* End PBXVariantGroup section */

/* Begin XCBuildConfiguration section */
		BF24AA7517D62D8200D955C0 /* Debug */ = {
			isa = XCBuildConfiguration;
			buildSettings = {
				ALWAYS_SEARCH_USER_PATHS = NO;
				CLANG_CXX_LANGUAGE_STANDARD = "gnu++0x";
				CLANG_CXX_LIBRARY = "libc++";
				CLANG_ENABLE_OBJC_ARC = YES;
				CLANG_WARN_CONSTANT_CONVERSION = YES;
				CLANG_WARN_EMPTY_BODY = YES;
				CLANG_WARN_ENUM_CONVERSION = YES;
				CLANG_WARN_INT_CONVERSION = YES;
				CLANG_WARN__DUPLICATE_METHOD_MATCH = YES;
				"CODE_SIGN_IDENTITY[sdk=iphoneos*]" = "iPhone Developer";
				COPY_PHASE_STRIP = NO;
				GCC_C_LANGUAGE_STANDARD = gnu99;
				GCC_DYNAMIC_NO_PIC = NO;
				GCC_OPTIMIZATION_LEVEL = 0;
				GCC_PREPROCESSOR_DEFINITIONS = (
					"DEBUG=1",
					"$(inherited)",
				);
				GCC_SYMBOLS_PRIVATE_EXTERN = NO;
				GCC_WARN_ABOUT_RETURN_TYPE = YES;
				GCC_WARN_UNINITIALIZED_AUTOS = YES;
				GCC_WARN_UNUSED_VARIABLE = YES;
				IPHONEOS_DEPLOYMENT_TARGET = 6.1;
				ONLY_ACTIVE_ARCH = YES;
				SDKROOT = iphoneos;
			};
			name = Debug;
		};
		BF24AA7617D62D8200D955C0 /* Release */ = {
			isa = XCBuildConfiguration;
			buildSettings = {
				ALWAYS_SEARCH_USER_PATHS = NO;
				CLANG_CXX_LANGUAGE_STANDARD = "gnu++0x";
				CLANG_CXX_LIBRARY = "libc++";
				CLANG_ENABLE_OBJC_ARC = YES;
				CLANG_WARN_CONSTANT_CONVERSION = YES;
				CLANG_WARN_EMPTY_BODY = YES;
				CLANG_WARN_ENUM_CONVERSION = YES;
				CLANG_WARN_INT_CONVERSION = YES;
				CLANG_WARN__DUPLICATE_METHOD_MATCH = YES;
				"CODE_SIGN_IDENTITY[sdk=iphoneos*]" = "iPhone Developer";
				COPY_PHASE_STRIP = YES;
				GCC_C_LANGUAGE_STANDARD = gnu99;
				GCC_WARN_ABOUT_RETURN_TYPE = YES;
				GCC_WARN_UNINITIALIZED_AUTOS = YES;
				GCC_WARN_UNUSED_VARIABLE = YES;
				IPHONEOS_DEPLOYMENT_TARGET = 6.1;
				OTHER_CFLAGS = "-DNS_BLOCK_ASSERTIONS=1";
				SDKROOT = iphoneos;
				VALIDATE_PRODUCT = YES;
			};
			name = Release;
		};
		BF24AA7817D62D8200D955C0 /* Debug */ = {
			isa = XCBuildConfiguration;
			baseConfigurationReference = DB0463874C2D461B8687FFB0 /* Pods.xcconfig */;
			buildSettings = {
				GCC_PRECOMPILE_PREFIX_HEADER = YES;
				GCC_PREFIX_HEADER = "Ruby-China/Ruby-China-Prefix.pch";
				INFOPLIST_FILE = "Ruby-China/Ruby-China-Info.plist";
				PRODUCT_NAME = "$(TARGET_NAME)";
				WRAPPER_EXTENSION = app;
			};
			name = Debug;
		};
		BF24AA7917D62D8200D955C0 /* Release */ = {
			isa = XCBuildConfiguration;
			baseConfigurationReference = DB0463874C2D461B8687FFB0 /* Pods.xcconfig */;
			buildSettings = {
				GCC_PRECOMPILE_PREFIX_HEADER = YES;
				GCC_PREFIX_HEADER = "Ruby-China/Ruby-China-Prefix.pch";
				INFOPLIST_FILE = "Ruby-China/Ruby-China-Info.plist";
				PRODUCT_NAME = "$(TARGET_NAME)";
				WRAPPER_EXTENSION = app;
			};
			name = Release;
		};
/* End XCBuildConfiguration section */

/* Begin XCConfigurationList section */
		BF24AA5517D62D8200D955C0 /* Build configuration list for PBXProject "Ruby-China" */ = {
			isa = XCConfigurationList;
			buildConfigurations = (
				BF24AA7517D62D8200D955C0 /* Debug */,
				BF24AA7617D62D8200D955C0 /* Release */,
			);
			defaultConfigurationIsVisible = 0;
			defaultConfigurationName = Release;
		};
		BF24AA7717D62D8200D955C0 /* Build configuration list for PBXNativeTarget "Ruby-China" */ = {
			isa = XCConfigurationList;
			buildConfigurations = (
				BF24AA7817D62D8200D955C0 /* Debug */,
				BF24AA7917D62D8200D955C0 /* Release */,
			);
			defaultConfigurationIsVisible = 0;
			defaultConfigurationName = Release;
		};
/* End XCConfigurationList section */
	};
	rootObject = BF24AA5217D62D8200D955C0 /* Project object */;
}
