PODS:
  - AFNetworking (2.0.1):
    - AFNetworking/NSURLConnection
    - AFNetworking/NSURLSession
    - AFNetworking/Reachability
    - AFNetworking/Security
    - AFNetworking/Serialization
    - AFNetworking/UIKit
  - AFNetworking/NSURLConnection (2.0.1):
    - AFNetworking/Reachability
    - AFNetworking/Security
    - AFNetworking/Serialization
  - AFNetworking/NSURLSession (2.0.1):
    - AFNetworking/Reachability
    - AFNetworking/Security
    - AFNetworking/Serialization
  - AFNetworking/Reachability (2.0.1)
  - AFNetworking/Security (2.0.1)
  - AFNetworking/Serialization (2.0.1)
  - AFNetworking/UIKit (2.0.1):
    - AFNetworking/NSURLConnection
  - DTCoreText (1.6.8):
    - DTFoundation/Core (~> 1.5.4)
    - DTFoundation/DTHTMLParser (~> 1.5.4)
    - DTFoundation/UIKit (~> 1.5.4)
  - DTFoundation/Core (1.5.4)
  - DTFoundation/DTHTMLParser (1.5.4):
    - DTFoundation/Core
  - DTFoundation/UIKit (1.5.4):
    - DTFoundation/Core
  - SDWebImage (3.5):
    - SDWebImage/Core
  - SDWebImage/Core (3.5)

DEPENDENCIES:
  - AFNetworking (~> 2.0)
  - DTCoreText (~> 1.6.8)
  - SDWebImage (~> 3.5)

SPEC CHECKSUMS:
  AFNetworking: a6f11ac4ac087303e6ff87adc1ba57b0dac20ef8
  DTCoreText: 24f96ab529f19114533ca71922469c94fb73db4d
  DTFoundation: 86e59f373c7a9b9f859f8a9c1debf072979eebec
  SDWebImage: f1a72472f8a2d54445f1fedafe2090593d9caf7f

COCOAPODS: 0.27.1
